// !$*UTF8*$!
{
	archiveVersion = 1;
	classes = {
	};
	objectVersion = 46;
	objects = {

/* Begin PBXBuildFile section */
		6950E42219D31D5E005642FF /* main.m in Sources */ = {isa = PBXBuildFile; fileRef = 6950E42119D31D5E005642FF /* main.m */; };
		6950E42519D31D5E005642FF /* AppDelegate.m in Sources */ = {isa = PBXBuildFile; fileRef = 6950E42419D31D5E005642FF /* AppDelegate.m */; };
		6950E42719D31D5E005642FF /* Images.xcassets in Resources */ = {isa = PBXBuildFile; fileRef = 6950E42619D31D5E005642FF /* Images.xcassets */; };
		6950E42A19D31D5E005642FF /* MainMenu.xib in Resources */ = {isa = PBXBuildFile; fileRef = 6950E42819D31D5E005642FF /* MainMenu.xib */; };
		6950E43619D31D5E005642FF /* CLCStatusItemTests.m in Sources */ = {isa = PBXBuildFile; fileRef = 6950E43519D31D5E005642FF /* CLCStatusItemTests.m */; };
/* End PBXBuildFile section */

/* Begin PBXContainerItemProxy section */
		6950E43019D31D5E005642FF /* PBXContainerItemProxy */ = {
			isa = PBXContainerItemProxy;
			containerPortal = 6950E41419D31D5E005642FF /* Project object */;
			proxyType = 1;
			remoteGlobalIDString = 6950E41B19D31D5E005642FF;
			remoteInfo = CLCStatusItem;
		};
/* End PBXContainerItemProxy section */

/* Begin PBXFileReference section */
		6950E41C19D31D5E005642FF /* CLCStatusItem.app */ = {isa = PBXFileReference; explicitFileType = wrapper.application; includeInIndex = 0; path = CLCStatusItem.app; sourceTree = BUILT_PRODUCTS_DIR; };
		6950E42019D31D5E005642FF /* Info.plist */ = {isa = PBXFileReference; lastKnownFileType = text.plist.xml; path = Info.plist; sourceTree = "<group>"; };
		6950E42119D31D5E005642FF /* main.m */ = {isa = PBXFileReference; lastKnownFileType = sourcecode.c.objc; path = main.m; sourceTree = "<group>"; };
		6950E42319D31D5E005642FF /* AppDelegate.h */ = {isa = PBXFileReference; lastKnownFileType = sourcecode.c.h; path = AppDelegate.h; sourceTree = "<group>"; };
		6950E42419D31D5E005642FF /* AppDelegate.m */ = {isa = PBXFileReference; lastKnownFileType = sourcecode.c.objc; path = AppDelegate.m; sourceTree = "<group>"; };
		6950E42619D31D5E005642FF /* Images.xcassets */ = {isa = PBXFileReference; lastKnownFileType = folder.assetcatalog; path = Images.xcassets; sourceTree = "<group>"; };
		6950E42919D31D5E005642FF /* Base */ = {isa = PBXFileReference; lastKnownFileType = file.xib; name = Base; path = Base.lproj/MainMenu.xib; sourceTree = "<group>"; };
		6950E42F19D31D5E005642FF /* CLCStatusItemTests.xctest */ = {isa = PBXFileReference; explicitFileType = wrapper.cfbundle; includeInIndex = 0; path = CLCStatusItemTests.xctest; sourceTree = BUILT_PRODUCTS_DIR; };
		6950E43419D31D5E005642FF /* Info.plist */ = {isa = PBXFileReference; lastKnownFileType = text.plist.xml; path = Info.plist; sourceTree = "<group>"; };
		6950E43519D31D5E005642FF /* CLCStatusItemTests.m */ = {isa = PBXFileReference; lastKnownFileType = sourcecode.c.objc; path = CLCStatusItemTests.m; sourceTree = "<group>"; };
/* End PBXFileReference section */

/* Begin PBXFrameworksBuildPhase section */
		6950E41919D31D5E005642FF /* Frameworks */ = {
			isa = PBXFrameworksBuildPhase;
			buildActionMask = 2147483647;
			files = (
			);
			runOnlyForDeploymentPostprocessing = 0;
		};
		6950E42C19D31D5E005642FF /* Frameworks */ = {
			isa = PBXFrameworksBuildPhase;
			buildActionMask = 2147483647;
			files = (
			);
			runOnlyForDeploymentPostprocessing = 0;
		};
/* End PBXFrameworksBuildPhase section */

/* Begin PBXGroup section */
		6950E41319D31D5E005642FF = {
			isa = PBXGroup;
			children = (
				6950E41E19D31D5E005642FF /* CLCStatusItem */,
				6950E43219D31D5E005642FF /* CLCStatusItemTests */,
				6950E41D19D31D5E005642FF /* Products */,
			);
			sourceTree = "<group>";
		};
		6950E41D19D31D5E005642FF /* Products */ = {
			isa = PBXGroup;
			children = (
				6950E41C19D31D5E005642FF /* CLCStatusItem.app */,
				6950E42F19D31D5E005642FF /* CLCStatusItemTests.xctest */,
			);
			name = Products;
			sourceTree = "<group>";
		};
		6950E41E19D31D5E005642FF /* CLCStatusItem */ = {
			isa = PBXGroup;
			children = (
				6950E42319D31D5E005642FF /* AppDelegate.h */,
				6950E42419D31D5E005642FF /* AppDelegate.m */,
				6950E42619D31D5E005642FF /* Images.xcassets */,
				6950E42819D31D5E005642FF /* MainMenu.xib */,
				6950E41F19D31D5E005642FF /* Supporting Files */,
			);
			path = CLCStatusItem;
			sourceTree = "<group>";
		};
		6950E41F19D31D5E005642FF /* Supporting Files */ = {
			isa = PBXGroup;
			children = (
				6950E42019D31D5E005642FF /* Info.plist */,
				6950E42119D31D5E005642FF /* main.m */,
			);
			name = "Supporting Files";
			sourceTree = "<group>";
		};
		6950E43219D31D5E005642FF /* CLCStatusItemTests */ = {
			isa = PBXGroup;
			children = (
				6950E43519D31D5E005642FF /* CLCStatusItemTests.m */,
				6950E43319D31D5E005642FF /* Supporting Files */,
			);
			path = CLCStatusItemTests;
			sourceTree = "<group>";
		};
		6950E43319D31D5E005642FF /* Supporting Files */ = {
			isa = PBXGroup;
			children = (
				6950E43419D31D5E005642FF /* Info.plist */,
			);
			name = "Supporting Files";
			sourceTree = "<group>";
		};
/* End PBXGroup section */

/* Begin PBXNativeTarget section */
		6950E41B19D31D5E005642FF /* CLCStatusItem */ = {
			isa = PBXNativeTarget;
			buildConfigurationList = 6950E43919D31D5E005642FF /* Build configuration list for PBXNativeTarget "CLCStatusItem" */;
			buildPhases = (
				6950E41819D31D5E005642FF /* Sources */,
				6950E41919D31D5E005642FF /* Frameworks */,
				6950E41A19D31D5E005642FF /* Resources */,
			);
			buildRules = (
			);
			dependencies = (
			);
			name = CLCStatusItem;
			productName = CLCStatusItem;
			productReference = 6950E41C19D31D5E005642FF /* CLCStatusItem.app */;
			productType = "com.apple.product-type.application";
		};
		6950E42E19D31D5E005642FF /* CLCStatusItemTests */ = {
			isa = PBXNativeTarget;
			buildConfigurationList = 6950E43C19D31D5E005642FF /* Build configuration list for PBXNativeTarget "CLCStatusItemTests" */;
			buildPhases = (
				6950E42B19D31D5E005642FF /* Sources */,
				6950E42C19D31D5E005642FF /* Frameworks */,
				6950E42D19D31D5E005642FF /* Resources */,
			);
			buildRules = (
			);
			dependencies = (
				6950E43119D31D5E005642FF /* PBXTargetDependency */,
			);
			name = CLCStatusItemTests;
			productName = CLCStatusItemTests;
			productReference = 6950E42F19D31D5E005642FF /* CLCStatusItemTests.xctest */;
			productType = "com.apple.product-type.bundle.unit-test";
		};
/* End PBXNativeTarget section */

/* Begin PBXProject section */
		6950E41419D31D5E005642FF /* Project object */ = {
			isa = PBXProject;
			attributes = {
				LastUpgradeCheck = 0600;
				ORGANIZATIONNAME = Zhengfa;
				TargetAttributes = {
					6950E41B19D31D5E005642FF = {
						CreatedOnToolsVersion = 6.0.1;
					};
					6950E42E19D31D5E005642FF = {
						CreatedOnToolsVersion = 6.0.1;
						TestTargetID = 6950E41B19D31D5E005642FF;
					};
				};
			};
			buildConfigurationList = 6950E41719D31D5E005642FF /* Build configuration list for PBXProject "CLCStatusItem" */;
			compatibilityVersion = "Xcode 3.2";
			developmentRegion = English;
			hasScannedForEncodings = 0;
			knownRegions = (
				en,
				Base,
			);
			mainGroup = 6950E41319D31D5E005642FF;
			productRefGroup = 6950E41D19D31D5E005642FF /* Products */;
			projectDirPath = "";
			projectRoot = "";
			targets = (
				6950E41B19D31D5E005642FF /* CLCStatusItem */,
				6950E42E19D31D5E005642FF /* CLCStatusItemTests */,
			);
		};
/* End PBXProject section */

/* Begin PBXResourcesBuildPhase section */
		6950E41A19D31D5E005642FF /* Resources */ = {
			isa = PBXResourcesBuildPhase;
			buildActionMask = 2147483647;
			files = (
				6950E42719D31D5E005642FF /* Images.xcassets in Resources */,
				6950E42A19D31D5E005642FF /* MainMenu.xib in Resources */,
			);
			runOnlyForDeploymentPostprocessing = 0;
		};
		6950E42D19D31D5E005642FF /* Resources */ = {
			isa = PBXResourcesBuildPhase;
			buildActionMask = 2147483647;
			files = (
			);
			runOnlyForDeploymentPostprocessing = 0;
		};
/* End PBXResourcesBuildPhase section */

/* Begin PBXSourcesBuildPhase section */
		6950E41819D31D5E005642FF /* Sources */ = {
			isa = PBXSourcesBuildPhase;
			buildActionMask = 2147483647;
			files = (
				6950E42519D31D5E005642FF /* AppDelegate.m in Sources */,
				6950E42219D31D5E005642FF /* main.m in Sources */,
			);
			runOnlyForDeploymentPostprocessing = 0;
		};
		6950E42B19D31D5E005642FF /* Sources */ = {
			isa = PBXSourcesBuildPhase;
			buildActionMask = 2147483647;
			files = (
				6950E43619D31D5E005642FF /* CLCStatusItemTests.m in Sources */,
			);
			runOnlyForDeploymentPostprocessing = 0;
		};
/* End PBXSourcesBuildPhase section */

/* Begin PBXTargetDependency section */
		6950E43119D31D5E005642FF /* PBXTargetDependency */ = {
			isa = PBXTargetDependency;
			target = 6950E41B19D31D5E005642FF /* CLCStatusItem */;
			targetProxy = 6950E43019D31D5E005642FF /* PBXContainerItemProxy */;
		};
/* End PBXTargetDependency section */

/* Begin PBXVariantGroup section */
		6950E42819D31D5E005642FF /* MainMenu.xib */ = {
			isa = PBXVariantGroup;
			children = (
				6950E42919D31D5E005642FF /* Base */,
			);
			name = MainMenu.xib;
			sourceTree = "<group>";
		};
/* End PBXVariantGroup section */

/* Begin XCBuildConfiguration section */
		6950E43719D31D5E005642FF /* Debug */ = {
			isa = XCBuildConfiguration;
			buildSettings = {
				ALWAYS_SEARCH_USER_PATHS = NO;
				CLANG_CXX_LANGUAGE_STANDARD = "gnu++0x";
				CLANG_CXX_LIBRARY = "libc++";
				CLANG_ENABLE_MODULES = YES;
				CLANG_ENABLE_OBJC_ARC = YES;
				CLANG_WARN_BOOL_CONVERSION = YES;
				CLANG_WARN_CONSTANT_CONVERSION = YES;
				CLANG_WARN_DIRECT_OBJC_ISA_USAGE = YES_ERROR;
				CLANG_WARN_EMPTY_BODY = YES;
				CLANG_WARN_ENUM_CONVERSION = YES;
				CLANG_WARN_INT_CONVERSION = YES;
				CLANG_WARN_OBJC_ROOT_CLASS = YES_ERROR;
				CLANG_WARN_UNREACHABLE_CODE = YES;
				CLANG_WARN__DUPLICATE_METHOD_MATCH = YES;
				CODE_SIGN_IDENTITY = "-";
				COPY_PHASE_STRIP = NO;
				ENABLE_STRICT_OBJC_MSGSEND = YES;
				GCC_C_LANGUAGE_STANDARD = gnu99;
				GCC_DYNAMIC_NO_PIC = NO;
				GCC_OPTIMIZATION_LEVEL = 0;
				GCC_PREPROCESSOR_DEFINITIONS = (
					"DEBUG=1",
					"$(inherited)",
				);
				GCC_SYMBOLS_PRIVATE_EXTERN = NO;
				GCC_WARN_64_TO_32_BIT_CONVERSION = YES;
				GCC_WARN_ABOUT_RETURN_TYPE = YES_ERROR;
				GCC_WARN_UNDECLARED_SELECTOR = YES;
				GCC_WARN_UNINITIALIZED_AUTOS = YES_AGGRESSIVE;
				GCC_WARN_UNUSED_FUNCTION = YES;
				GCC_WARN_UNUSED_VARIABLE = YES;
				MACOSX_DEPLOYMENT_TARGET = 10.9;
				MTL_ENABLE_DEBUG_INFO = YES;
				ONLY_ACTIVE_ARCH = YES;
				SDKROOT = macosx;
			};
			name = Debug;
		};
		6950E43819D31D5E005642FF /* Release */ = {
			isa = XCBuildConfiguration;
			buildSettings = {
				ALWAYS_SEARCH_USER_PATHS = NO;
				CLANG_CXX_LANGUAGE_STANDARD = "gnu++0x";
				CLANG_CXX_LIBRARY = "libc++";
				CLANG_ENABLE_MODULES = YES;
				CLANG_ENABLE_OBJC_ARC = YES;
				CLANG_WARN_BOOL_CONVERSION = YES;
				CLANG_WARN_CONSTANT_CONVERSION = YES;
				CLANG_WARN_DIRECT_OBJC_ISA_USAGE = YES_ERROR;
				CLANG_WARN_EMPTY_BODY = YES;
				CLANG_WARN_ENUM_CONVERSION = YES;
				CLANG_WARN_INT_CONVERSION = YES;
				CLANG_WARN_OBJC_ROOT_CLASS = YES_ERROR;
				CLANG_WARN_UNREACHABLE_CODE = YES;
				CLANG_WARN__DUPLICATE_METHOD_MATCH = YES;
				CODE_SIGN_IDENTITY = "-";
				COPY_PHASE_STRIP = YES;
				DEBUG_INFORMATION_FORMAT = "dwarf-with-dsym";
				ENABLE_NS_ASSERTIONS = NO;
				ENABLE_STRICT_OBJC_MSGSEND = YES;
				GCC_C_LANGUAGE_STANDARD = gnu99;
				GCC_WARN_64_TO_32_BIT_CONVERSION = YES;
				GCC_WARN_ABOUT_RETURN_TYPE = YES_ERROR;
				GCC_WARN_UNDECLARED_SELECTOR = YES;
				GCC_WARN_UNINITIALIZED_AUTOS = YES_AGGRESSIVE;
				GCC_WARN_UNUSED_FUNCTION = YES;
				GCC_WARN_UNUSED_VARIABLE = YES;
				MACOSX_DEPLOYMENT_TARGET = 10.9;
				MTL_ENABLE_DEBUG_INFO = NO;
				SDKROOT = macosx;
			};
			name = Release;
		};
		6950E43A19D31D5E005642FF /* Debug */ = {
			isa = XCBuildConfiguration;
			buildSettings = {
				ASSETCATALOG_COMPILER_APPICON_NAME = AppIcon;
				COMBINE_HIDPI_IMAGES = YES;
				INFOPLIST_FILE = CLCStatusItem/Info.plist;
				LD_RUNPATH_SEARCH_PATHS = "$(inherited) @executable_path/../Frameworks";
				PRODUCT_NAME = "$(TARGET_NAME)";
			};
			name = Debug;
		};
		6950E43B19D31D5E005642FF /* Release */ = {
			isa = XCBuildConfiguration;
			buildSettings = {
				ASSETCATALOG_COMPILER_APPICON_NAME = AppIcon;
				COMBINE_HIDPI_IMAGES = YES;
				INFOPLIST_FILE = CLCStatusItem/Info.plist;
				LD_RUNPATH_SEARCH_PATHS = "$(inherited) @executable_path/../Frameworks";
				PRODUCT_NAME = "$(TARGET_NAME)";
			};
			name = Release;
		};
		6950E43D19D31D5E005642FF /* Debug */ = {
			isa = XCBuildConfiguration;
			buildSettings = {
				BUNDLE_LOADER = "$(TEST_HOST)";
				COMBINE_HIDPI_IMAGES = YES;
				FRAMEWORK_SEARCH_PATHS = (
					"$(DEVELOPER_FRAMEWORKS_DIR)",
					"$(inherited)",
				);
				GCC_PREPROCESSOR_DEFINITIONS = (
					"DEBUG=1",
					"$(inherited)",
				);
				INFOPLIST_FILE = CLCStatusItemTests/Info.plist;
				LD_RUNPATH_SEARCH_PATHS = "$(inherited) @executable_path/../Frameworks @loader_path/../Frameworks";
				PRODUCT_NAME = "$(TARGET_NAME)";
				TEST_HOST = "$(BUILT_PRODUCTS_DIR)/CLCStatusItem.app/Contents/MacOS/CLCStatusItem";
			};
			name = Debug;
		};
		6950E43E19D31D5E005642FF /* Release */ = {
			isa = XCBuildConfiguration;
			buildSettings = {
				BUNDLE_LOADER = "$(TEST_HOST)";
				COMBINE_HIDPI_IMAGES = YES;
				FRAMEWORK_SEARCH_PATHS = (
					"$(DEVELOPER_FRAMEWORKS_DIR)",
					"$(inherited)",
				);
				INFOPLIST_FILE = CLCStatusItemTests/Info.plist;
				LD_RUNPATH_SEARCH_PATHS = "$(inherited) @executable_path/../Frameworks @loader_path/../Frameworks";
				PRODUCT_NAME = "$(TARGET_NAME)";
				TEST_HOST = "$(BUILT_PRODUCTS_DIR)/CLCStatusItem.app/Contents/MacOS/CLCStatusItem";
			};
			name = Release;
		};
/* End XCBuildConfiguration section */

/* Begin XCConfigurationList section */
		6950E41719D31D5E005642FF /* Build configuration list for PBXProject "CLCStatusItem" */ = {
			isa = XCConfigurationList;
			buildConfigurations = (
				6950E43719D31D5E005642FF /* Debug */,
				6950E43819D31D5E005642FF /* Release */,
			);
			defaultConfigurationIsVisible = 0;
			defaultConfigurationName = Release;
		};
		6950E43919D31D5E005642FF /* Build configuration list for PBXNativeTarget "CLCStatusItem" */ = {
			isa = XCConfigurationList;
			buildConfigurations = (
				6950E43A19D31D5E005642FF /* Debug */,
				6950E43B19D31D5E005642FF /* Release */,
			);
			defaultConfigurationIsVisible = 0;
			defaultConfigurationName = Release;
		};
		6950E43C19D31D5E005642FF /* Build configuration list for PBXNativeTarget "CLCStatusItemTests" */ = {
			isa = XCConfigurationList;
			buildConfigurations = (
				6950E43D19D31D5E005642FF /* Debug */,
				6950E43E19D31D5E005642FF /* Release */,
			);
			defaultConfigurationIsVisible = 0;
			defaultConfigurationName = Release;
		};
/* End XCConfigurationList section */
	};
	rootObject = 6950E41419D31D5E005642FF /* Project object */;
}
