// !$*UTF8*$!
{
	archiveVersion = 1;
	classes = {
	};
	objectVersion = 46;
	objects = {

/* Begin PBXBuildFile section */
		6962C9F01AA6B9AC0023CBE2 /* readme.txt in Resources */ = {isa = PBXBuildFile; fileRef = 6962C9EF1AA6B9AC0023CBE2 /* readme.txt */; };
		6962C9F21AA6BE520023CBE2 /* festivals.js in Resources */ = {isa = PBXBuildFile; fileRef = 6962C9F11AA6BE520023CBE2 /* festivals.js */; };
		697D8F151AA1C9170039D2B4 /* VERSION in Resources */ = {isa = PBXBuildFile; fileRef = 697D8F141AA1C9170039D2B4 /* VERSION */; };
		69854E7019DDD2B200A35ECC /* icon.png in Resources */ = {isa = PBXBuildFile; fileRef = 69854E6F19DDD2B200A35ECC /* icon.png */; };
		6985697119F1F9F1002EB18E /* WebKit.framework in Frameworks */ = {isa = PBXBuildFile; fileRef = 6985697019F1F9F1002EB18E /* WebKit.framework */; };
		6985D80B19D4423F00343F35 /* CLCPopController.m in Sources */ = {isa = PBXBuildFile; fileRef = 6985D80919D4423F00343F35 /* CLCPopController.m */; };
		6985D80C19D4423F00343F35 /* CLCPopController.xib in Resources */ = {isa = PBXBuildFile; fileRef = 6985D80A19D4423F00343F35 /* CLCPopController.xib */; };
		69A80A281AA1FEE500924AFD /* UpdateWindowController.m in Sources */ = {isa = PBXBuildFile; fileRef = 69A80A261AA1FEE500924AFD /* UpdateWindowController.m */; };
		69A80A291AA1FEE500924AFD /* UpdateWindowController.xib in Resources */ = {isa = PBXBuildFile; fileRef = 69A80A271AA1FEE500924AFD /* UpdateWindowController.xib */; };
		69A80A3E1AA21F0000924AFD /* AFHTTPRequestOperation.m in Sources */ = {isa = PBXBuildFile; fileRef = 69A80A2C1AA21F0000924AFD /* AFHTTPRequestOperation.m */; };
		69A80A3F1AA21F0000924AFD /* AFHTTPRequestOperationManager.m in Sources */ = {isa = PBXBuildFile; fileRef = 69A80A2E1AA21F0000924AFD /* AFHTTPRequestOperationManager.m */; };
		69A80A401AA21F0000924AFD /* AFHTTPSessionManager.m in Sources */ = {isa = PBXBuildFile; fileRef = 69A80A301AA21F0000924AFD /* AFHTTPSessionManager.m */; };
		69A80A411AA21F0000924AFD /* AFNetworkReachabilityManager.m in Sources */ = {isa = PBXBuildFile; fileRef = 69A80A331AA21F0000924AFD /* AFNetworkReachabilityManager.m */; };
		69A80A421AA21F0000924AFD /* AFSecurityPolicy.m in Sources */ = {isa = PBXBuildFile; fileRef = 69A80A351AA21F0000924AFD /* AFSecurityPolicy.m */; };
		69A80A431AA21F0000924AFD /* AFURLConnectionOperation.m in Sources */ = {isa = PBXBuildFile; fileRef = 69A80A371AA21F0000924AFD /* AFURLConnectionOperation.m */; };
		69A80A441AA21F0000924AFD /* AFURLRequestSerialization.m in Sources */ = {isa = PBXBuildFile; fileRef = 69A80A391AA21F0000924AFD /* AFURLRequestSerialization.m */; };
		69A80A451AA21F0000924AFD /* AFURLResponseSerialization.m in Sources */ = {isa = PBXBuildFile; fileRef = 69A80A3B1AA21F0000924AFD /* AFURLResponseSerialization.m */; };
		69A80A461AA21F0000924AFD /* AFURLSessionManager.m in Sources */ = {isa = PBXBuildFile; fileRef = 69A80A3D1AA21F0000924AFD /* AFURLSessionManager.m */; };
		69A80A491AA2B0AC00924AFD /* NSAttributedString+Hyperlink.m in Sources */ = {isa = PBXBuildFile; fileRef = 69A80A481AA2B0AC00924AFD /* NSAttributedString+Hyperlink.m */; };
		69C45CD219D3B17D004AC6DD /* CLCCalendar.m in Sources */ = {isa = PBXBuildFile; fileRef = 69C45CD119D3B17D004AC6DD /* CLCCalendar.m */; };
		69C740CB1A9F4898003318DC /* holidays.js in Resources */ = {isa = PBXBuildFile; fileRef = 69C740CA1A9F4898003318DC /* holidays.js */; };
		69C7D2111A9D670A00C5C7FC /* about.png in Resources */ = {isa = PBXBuildFile; fileRef = 69C7D2101A9D670A00C5C7FC /* about.png */; };
		69D8B52019D27A3E00A75B32 /* SystemUIPlugin.framework in Frameworks */ = {isa = PBXBuildFile; fileRef = 69D8B51F19D27A3E00A75B32 /* SystemUIPlugin.framework */; };
		69D8B52419D27AF900A75B32 /* Cocoa.framework in Frameworks */ = {isa = PBXBuildFile; fileRef = 69D8B52319D27AF900A75B32 /* Cocoa.framework */; };
		69D8B53D19D290E400A75B32 /* CLCMenuExtra.m in Sources */ = {isa = PBXBuildFile; fileRef = 69D8B53A19D290E400A75B32 /* CLCMenuExtra.m */; };
		69D8B53E19D290E400A75B32 /* CLCMenuExtraView.m in Sources */ = {isa = PBXBuildFile; fileRef = 69D8B53C19D290E400A75B32 /* CLCMenuExtraView.m */; };
		69F7D1C219E281EE0049D5DA /* calendar.htm in Resources */ = {isa = PBXBuildFile; fileRef = 69F7D1B919E281EE0049D5DA /* calendar.htm */; };
		69F7D1C319E281EE0049D5DA /* calendar.js in Resources */ = {isa = PBXBuildFile; fileRef = 69F7D1BA19E281EE0049D5DA /* calendar.js */; };
		69F7D1C419E281EE0049D5DA /* font-awesome.min.css in Resources */ = {isa = PBXBuildFile; fileRef = 69F7D1BB19E281EE0049D5DA /* font-awesome.min.css */; };
		69F7D1C519E281EE0049D5DA /* fontawesome-webfont.ttf in Resources */ = {isa = PBXBuildFile; fileRef = 69F7D1BC19E281EE0049D5DA /* fontawesome-webfont.ttf */; };
		69F7D1C619E281EE0049D5DA /* fontawesome-webfont.woff in Resources */ = {isa = PBXBuildFile; fileRef = 69F7D1BD19E281EE0049D5DA /* fontawesome-webfont.woff */; };
		69F7D1C719E281EE0049D5DA /* FontAwesome.otf in Resources */ = {isa = PBXBuildFile; fileRef = 69F7D1BE19E281EE0049D5DA /* FontAwesome.otf */; };
		69F7D1C819E281EE0049D5DA /* index.js in Resources */ = {isa = PBXBuildFile; fileRef = 69F7D1BF19E281EE0049D5DA /* index.js */; };
		69F7D1CA19E281EE0049D5DA /* style.css in Resources */ = {isa = PBXBuildFile; fileRef = 69F7D1C119E281EE0049D5DA /* style.css */; };
/* End PBXBuildFile section */

/* Begin PBXFileReference section */
		6962C9EC1AA6B9AC0023CBE2 /* NSMenuExtra.h */ = {isa = PBXFileReference; fileEncoding = 4; lastKnownFileType = sourcecode.c.h; path = NSMenuExtra.h; sourceTree = "<group>"; };
		6962C9ED1AA6B9AC0023CBE2 /* NSMenuExtraAnimationView.h */ = {isa = PBXFileReference; fileEncoding = 4; lastKnownFileType = sourcecode.c.h; path = NSMenuExtraAnimationView.h; sourceTree = "<group>"; };
		6962C9EE1AA6B9AC0023CBE2 /* NSMenuExtraView.h */ = {isa = PBXFileReference; fileEncoding = 4; lastKnownFileType = sourcecode.c.h; path = NSMenuExtraView.h; sourceTree = "<group>"; };
		6962C9EF1AA6B9AC0023CBE2 /* readme.txt */ = {isa = PBXFileReference; fileEncoding = 4; lastKnownFileType = text; path = readme.txt; sourceTree = "<group>"; };
		6962C9F11AA6BE520023CBE2 /* festivals.js */ = {isa = PBXFileReference; fileEncoding = 4; lastKnownFileType = sourcecode.javascript; name = festivals.js; path = CLCMenuExtra/Resources/vendors/festivals.js; sourceTree = "<group>"; };
		697D8F141AA1C9170039D2B4 /* VERSION */ = {isa = PBXFileReference; fileEncoding = 4; lastKnownFileType = text; name = VERSION; path = CLCMenuExtra/Resources/vendors/VERSION; sourceTree = "<group>"; };
		69854E6F19DDD2B200A35ECC /* icon.png */ = {isa = PBXFileReference; lastKnownFileType = image.png; name = icon.png; path = CLCMenuExtra/Resources/icon.png; sourceTree = "<group>"; };
		6985697019F1F9F1002EB18E /* WebKit.framework */ = {isa = PBXFileReference; lastKnownFileType = wrapper.framework; name = WebKit.framework; path = System/Library/Frameworks/WebKit.framework; sourceTree = SDKROOT; };
		6985D80819D4423F00343F35 /* CLCPopController.h */ = {isa = PBXFileReference; fileEncoding = 4; lastKnownFileType = sourcecode.c.h; name = CLCPopController.h; path = CLCMenuExtra/CLCPopController.h; sourceTree = "<group>"; };
		6985D80919D4423F00343F35 /* CLCPopController.m */ = {isa = PBXFileReference; fileEncoding = 4; lastKnownFileType = sourcecode.c.objc; name = CLCPopController.m; path = CLCMenuExtra/CLCPopController.m; sourceTree = "<group>"; };
		6985D80A19D4423F00343F35 /* CLCPopController.xib */ = {isa = PBXFileReference; fileEncoding = 4; lastKnownFileType = file.xib; name = CLCPopController.xib; path = CLCMenuExtra/CLCPopController.xib; sourceTree = "<group>"; };
		69A80A251AA1FEE500924AFD /* UpdateWindowController.h */ = {isa = PBXFileReference; fileEncoding = 4; lastKnownFileType = sourcecode.c.h; name = UpdateWindowController.h; path = CLCMenuExtra/UpdateWindowController.h; sourceTree = "<group>"; };
		69A80A261AA1FEE500924AFD /* UpdateWindowController.m */ = {isa = PBXFileReference; fileEncoding = 4; lastKnownFileType = sourcecode.c.objc; name = UpdateWindowController.m; path = CLCMenuExtra/UpdateWindowController.m; sourceTree = "<group>"; };
		69A80A271AA1FEE500924AFD /* UpdateWindowController.xib */ = {isa = PBXFileReference; fileEncoding = 4; lastKnownFileType = file.xib; name = UpdateWindowController.xib; path = CLCMenuExtra/UpdateWindowController.xib; sourceTree = "<group>"; };
		69A80A2B1AA21F0000924AFD /* AFHTTPRequestOperation.h */ = {isa = PBXFileReference; fileEncoding = 4; lastKnownFileType = sourcecode.c.h; path = AFHTTPRequestOperation.h; sourceTree = "<group>"; };
		69A80A2C1AA21F0000924AFD /* AFHTTPRequestOperation.m */ = {isa = PBXFileReference; fileEncoding = 4; lastKnownFileType = sourcecode.c.objc; path = AFHTTPRequestOperation.m; sourceTree = "<group>"; };
		69A80A2D1AA21F0000924AFD /* AFHTTPRequestOperationManager.h */ = {isa = PBXFileReference; fileEncoding = 4; lastKnownFileType = sourcecode.c.h; path = AFHTTPRequestOperationManager.h; sourceTree = "<group>"; };
		69A80A2E1AA21F0000924AFD /* AFHTTPRequestOperationManager.m */ = {isa = PBXFileReference; fileEncoding = 4; lastKnownFileType = sourcecode.c.objc; path = AFHTTPRequestOperationManager.m; sourceTree = "<group>"; };
		69A80A2F1AA21F0000924AFD /* AFHTTPSessionManager.h */ = {isa = PBXFileReference; fileEncoding = 4; lastKnownFileType = sourcecode.c.h; path = AFHTTPSessionManager.h; sourceTree = "<group>"; };
		69A80A301AA21F0000924AFD /* AFHTTPSessionManager.m */ = {isa = PBXFileReference; fileEncoding = 4; lastKnownFileType = sourcecode.c.objc; path = AFHTTPSessionManager.m; sourceTree = "<group>"; };
		69A80A311AA21F0000924AFD /* AFNetworking.h */ = {isa = PBXFileReference; fileEncoding = 4; lastKnownFileType = sourcecode.c.h; path = AFNetworking.h; sourceTree = "<group>"; };
		69A80A321AA21F0000924AFD /* AFNetworkReachabilityManager.h */ = {isa = PBXFileReference; fileEncoding = 4; lastKnownFileType = sourcecode.c.h; path = AFNetworkReachabilityManager.h; sourceTree = "<group>"; };
		69A80A331AA21F0000924AFD /* AFNetworkReachabilityManager.m */ = {isa = PBXFileReference; fileEncoding = 4; lastKnownFileType = sourcecode.c.objc; path = AFNetworkReachabilityManager.m; sourceTree = "<group>"; };
		69A80A341AA21F0000924AFD /* AFSecurityPolicy.h */ = {isa = PBXFileReference; fileEncoding = 4; lastKnownFileType = sourcecode.c.h; path = AFSecurityPolicy.h; sourceTree = "<group>"; };
		69A80A351AA21F0000924AFD /* AFSecurityPolicy.m */ = {isa = PBXFileReference; fileEncoding = 4; lastKnownFileType = sourcecode.c.objc; path = AFSecurityPolicy.m; sourceTree = "<group>"; };
		69A80A361AA21F0000924AFD /* AFURLConnectionOperation.h */ = {isa = PBXFileReference; fileEncoding = 4; lastKnownFileType = sourcecode.c.h; path = AFURLConnectionOperation.h; sourceTree = "<group>"; };
		69A80A371AA21F0000924AFD /* AFURLConnectionOperation.m */ = {isa = PBXFileReference; fileEncoding = 4; lastKnownFileType = sourcecode.c.objc; path = AFURLConnectionOperation.m; sourceTree = "<group>"; };
		69A80A381AA21F0000924AFD /* AFURLRequestSerialization.h */ = {isa = PBXFileReference; fileEncoding = 4; lastKnownFileType = sourcecode.c.h; path = AFURLRequestSerialization.h; sourceTree = "<group>"; };
		69A80A391AA21F0000924AFD /* AFURLRequestSerialization.m */ = {isa = PBXFileReference; fileEncoding = 4; lastKnownFileType = sourcecode.c.objc; path = AFURLRequestSerialization.m; sourceTree = "<group>"; };
		69A80A3A1AA21F0000924AFD /* AFURLResponseSerialization.h */ = {isa = PBXFileReference; fileEncoding = 4; lastKnownFileType = sourcecode.c.h; path = AFURLResponseSerialization.h; sourceTree = "<group>"; };
		69A80A3B1AA21F0000924AFD /* AFURLResponseSerialization.m */ = {isa = PBXFileReference; fileEncoding = 4; lastKnownFileType = sourcecode.c.objc; path = AFURLResponseSerialization.m; sourceTree = "<group>"; };
		69A80A3C1AA21F0000924AFD /* AFURLSessionManager.h */ = {isa = PBXFileReference; fileEncoding = 4; lastKnownFileType = sourcecode.c.h; path = AFURLSessionManager.h; sourceTree = "<group>"; };
		69A80A3D1AA21F0000924AFD /* AFURLSessionManager.m */ = {isa = PBXFileReference; fileEncoding = 4; lastKnownFileType = sourcecode.c.objc; path = AFURLSessionManager.m; sourceTree = "<group>"; };
		69A80A471AA2B0AC00924AFD /* NSAttributedString+Hyperlink.h */ = {isa = PBXFileReference; fileEncoding = 4; lastKnownFileType = sourcecode.c.h; name = "NSAttributedString+Hyperlink.h"; path = "CLCMenuExtra/NSAttributedString+Hyperlink.h"; sourceTree = "<group>"; };
		69A80A481AA2B0AC00924AFD /* NSAttributedString+Hyperlink.m */ = {isa = PBXFileReference; fileEncoding = 4; lastKnownFileType = sourcecode.c.objc; name = "NSAttributedString+Hyperlink.m"; path = "CLCMenuExtra/NSAttributedString+Hyperlink.m"; sourceTree = "<group>"; };
		69C45CD019D3B17D004AC6DD /* CLCCalendar.h */ = {isa = PBXFileReference; fileEncoding = 4; lastKnownFileType = sourcecode.c.h; name = CLCCalendar.h; path = CLCMenuExtra/CLCCalendar.h; sourceTree = "<group>"; };
		69C45CD119D3B17D004AC6DD /* CLCCalendar.m */ = {isa = PBXFileReference; fileEncoding = 4; lastKnownFileType = sourcecode.c.objc; name = CLCCalendar.m; path = CLCMenuExtra/CLCCalendar.m; sourceTree = "<group>"; };
		69C740CA1A9F4898003318DC /* holidays.js */ = {isa = PBXFileReference; fileEncoding = 4; lastKnownFileType = sourcecode.javascript; name = holidays.js; path = CLCMenuExtra/Resources/vendors/holidays.js; sourceTree = "<group>"; };
		69C7D2101A9D670A00C5C7FC /* about.png */ = {isa = PBXFileReference; lastKnownFileType = image.png; name = about.png; path = CLCMenuExtra/Resources/about.png; sourceTree = "<group>"; };
		69D8B51519D278A900A75B32 /* CLCMenuExtra.menu */ = {isa = PBXFileReference; explicitFileType = wrapper.cfbundle; includeInIndex = 0; path = CLCMenuExtra.menu; sourceTree = BUILT_PRODUCTS_DIR; };
		69D8B51919D278A900A75B32 /* Info.plist */ = {isa = PBXFileReference; lastKnownFileType = text.plist.xml; path = Info.plist; sourceTree = "<group>"; };
		69D8B51F19D27A3E00A75B32 /* SystemUIPlugin.framework */ = {isa = PBXFileReference; lastKnownFileType = wrapper.framework; path = SystemUIPlugin.framework; sourceTree = "<group>"; };
		69D8B52319D27AF900A75B32 /* Cocoa.framework */ = {isa = PBXFileReference; lastKnownFileType = wrapper.framework; name = Cocoa.framework; path = System/Library/Frameworks/Cocoa.framework; sourceTree = SDKROOT; };
		69D8B53919D290E400A75B32 /* CLCMenuExtra.h */ = {isa = PBXFileReference; fileEncoding = 4; lastKnownFileType = sourcecode.c.h; name = CLCMenuExtra.h; path = CLCMenuExtra/CLCMenuExtra.h; sourceTree = "<group>"; };
		69D8B53A19D290E400A75B32 /* CLCMenuExtra.m */ = {isa = PBXFileReference; fileEncoding = 4; lastKnownFileType = sourcecode.c.objc; name = CLCMenuExtra.m; path = CLCMenuExtra/CLCMenuExtra.m; sourceTree = "<group>"; };
		69D8B53B19D290E400A75B32 /* CLCMenuExtraView.h */ = {isa = PBXFileReference; fileEncoding = 4; lastKnownFileType = sourcecode.c.h; name = CLCMenuExtraView.h; path = CLCMenuExtra/CLCMenuExtraView.h; sourceTree = "<group>"; };
		69D8B53C19D290E400A75B32 /* CLCMenuExtraView.m */ = {isa = PBXFileReference; fileEncoding = 4; lastKnownFileType = sourcecode.c.objc; name = CLCMenuExtraView.m; path = CLCMenuExtra/CLCMenuExtraView.m; sourceTree = "<group>"; };
		69F7D1B919E281EE0049D5DA /* calendar.htm */ = {isa = PBXFileReference; fileEncoding = 4; lastKnownFileType = text.html; name = calendar.htm; path = CLCMenuExtra/Resources/vendors/calendar.htm; sourceTree = "<group>"; };
		69F7D1BA19E281EE0049D5DA /* calendar.js */ = {isa = PBXFileReference; fileEncoding = 4; lastKnownFileType = sourcecode.javascript; name = calendar.js; path = CLCMenuExtra/Resources/vendors/calendar.js; sourceTree = "<group>"; };
		69F7D1BB19E281EE0049D5DA /* font-awesome.min.css */ = {isa = PBXFileReference; fileEncoding = 4; lastKnownFileType = text.css; name = "font-awesome.min.css"; path = "CLCMenuExtra/Resources/vendors/font-awesome.min.css"; sourceTree = "<group>"; };
		69F7D1BC19E281EE0049D5DA /* fontawesome-webfont.ttf */ = {isa = PBXFileReference; lastKnownFileType = file; name = "fontawesome-webfont.ttf"; path = "CLCMenuExtra/Resources/vendors/fontawesome-webfont.ttf"; sourceTree = "<group>"; };
		69F7D1BD19E281EE0049D5DA /* fontawesome-webfont.woff */ = {isa = PBXFileReference; lastKnownFileType = file; name = "fontawesome-webfont.woff"; path = "CLCMenuExtra/Resources/vendors/fontawesome-webfont.woff"; sourceTree = "<group>"; };
		69F7D1BE19E281EE0049D5DA /* FontAwesome.otf */ = {isa = PBXFileReference; lastKnownFileType = file; name = FontAwesome.otf; path = CLCMenuExtra/Resources/vendors/FontAwesome.otf; sourceTree = "<group>"; };
		69F7D1BF19E281EE0049D5DA /* index.js */ = {isa = PBXFileReference; fileEncoding = 4; lastKnownFileType = sourcecode.javascript; name = index.js; path = CLCMenuExtra/Resources/vendors/index.js; sourceTree = "<group>"; };
		69F7D1C119E281EE0049D5DA /* style.css */ = {isa = PBXFileReference; fileEncoding = 4; lastKnownFileType = text.css; name = style.css; path = CLCMenuExtra/Resources/vendors/style.css; sourceTree = "<group>"; };
/* End PBXFileReference section */

/* Begin PBXFrameworksBuildPhase section */
		69D8B51219D278A900A75B32 /* Frameworks */ = {
			isa = PBXFrameworksBuildPhase;
			buildActionMask = 2147483647;
			files = (
				6985697119F1F9F1002EB18E /* WebKit.framework in Frameworks */,
				69D8B52419D27AF900A75B32 /* Cocoa.framework in Frameworks */,
				69D8B52019D27A3E00A75B32 /* SystemUIPlugin.framework in Frameworks */,
			);
			runOnlyForDeploymentPostprocessing = 0;
		};
/* End PBXFrameworksBuildPhase section */

/* Begin PBXGroup section */
		6962C9EB1AA6B9AC0023CBE2 /* NSMenuExtra */ = {
			isa = PBXGroup;
			children = (
				6962C9EC1AA6B9AC0023CBE2 /* NSMenuExtra.h */,
				6962C9ED1AA6B9AC0023CBE2 /* NSMenuExtraAnimationView.h */,
				6962C9EE1AA6B9AC0023CBE2 /* NSMenuExtraView.h */,
				6962C9EF1AA6B9AC0023CBE2 /* readme.txt */,
			);
			name = NSMenuExtra;
			path = CLCMenuExtra/NSMenuExtra;
			sourceTree = "<group>";
		};
		69A80A2A1AA21F0000924AFD /* AFNetworking */ = {
			isa = PBXGroup;
			children = (
				69A80A2B1AA21F0000924AFD /* AFHTTPRequestOperation.h */,
				69A80A2C1AA21F0000924AFD /* AFHTTPRequestOperation.m */,
				69A80A2D1AA21F0000924AFD /* AFHTTPRequestOperationManager.h */,
				69A80A2E1AA21F0000924AFD /* AFHTTPRequestOperationManager.m */,
				69A80A2F1AA21F0000924AFD /* AFHTTPSessionManager.h */,
				69A80A301AA21F0000924AFD /* AFHTTPSessionManager.m */,
				69A80A311AA21F0000924AFD /* AFNetworking.h */,
				69A80A321AA21F0000924AFD /* AFNetworkReachabilityManager.h */,
				69A80A331AA21F0000924AFD /* AFNetworkReachabilityManager.m */,
				69A80A341AA21F0000924AFD /* AFSecurityPolicy.h */,
				69A80A351AA21F0000924AFD /* AFSecurityPolicy.m */,
				69A80A361AA21F0000924AFD /* AFURLConnectionOperation.h */,
				69A80A371AA21F0000924AFD /* AFURLConnectionOperation.m */,
				69A80A381AA21F0000924AFD /* AFURLRequestSerialization.h */,
				69A80A391AA21F0000924AFD /* AFURLRequestSerialization.m */,
				69A80A3A1AA21F0000924AFD /* AFURLResponseSerialization.h */,
				69A80A3B1AA21F0000924AFD /* AFURLResponseSerialization.m */,
				69A80A3C1AA21F0000924AFD /* AFURLSessionManager.h */,
				69A80A3D1AA21F0000924AFD /* AFURLSessionManager.m */,
			);
			name = AFNetworking;
			path = CLCMenuExtra/AFNetworking;
			sourceTree = "<group>";
		};
		69D8B50C19D278A900A75B32 = {
			isa = PBXGroup;
			children = (
				69D8B53F19D2946300A75B32 /* Resources */,
				69D8B52D19D27F4D00A75B32 /* sources */,
				69D8B52119D27A9800A75B32 /* Frameworks */,
				69D8B51719D278A900A75B32 /* chinese lunar calendar */,
				69D8B51619D278A900A75B32 /* Products */,
			);
			sourceTree = "<group>";
		};
		69D8B51619D278A900A75B32 /* Products */ = {
			isa = PBXGroup;
			children = (
				69D8B51519D278A900A75B32 /* CLCMenuExtra.menu */,
			);
			name = Products;
			sourceTree = "<group>";
		};
		69D8B51719D278A900A75B32 /* chinese lunar calendar */ = {
			isa = PBXGroup;
			children = (
				69D8B51819D278A900A75B32 /* Supporting Files */,
			);
			path = "chinese lunar calendar";
			sourceTree = "<group>";
		};
		69D8B51819D278A900A75B32 /* Supporting Files */ = {
			isa = PBXGroup;
			children = (
				69D8B51919D278A900A75B32 /* Info.plist */,
			);
			name = "Supporting Files";
			sourceTree = "<group>";
		};
		69D8B52119D27A9800A75B32 /* Frameworks */ = {
			isa = PBXGroup;
			children = (
				6985697019F1F9F1002EB18E /* WebKit.framework */,
				69D8B52319D27AF900A75B32 /* Cocoa.framework */,
				69D8B51F19D27A3E00A75B32 /* SystemUIPlugin.framework */,
			);
			name = Frameworks;
			sourceTree = "<group>";
		};
		69D8B52D19D27F4D00A75B32 /* sources */ = {
			isa = PBXGroup;
			children = (
				6962C9EB1AA6B9AC0023CBE2 /* NSMenuExtra */,
				69A80A2A1AA21F0000924AFD /* AFNetworking */,
				69D8B53919D290E400A75B32 /* CLCMenuExtra.h */,
				69D8B53A19D290E400A75B32 /* CLCMenuExtra.m */,
				69D8B53B19D290E400A75B32 /* CLCMenuExtraView.h */,
				69D8B53C19D290E400A75B32 /* CLCMenuExtraView.m */,
				69A80A251AA1FEE500924AFD /* UpdateWindowController.h */,
				69A80A261AA1FEE500924AFD /* UpdateWindowController.m */,
				69A80A471AA2B0AC00924AFD /* NSAttributedString+Hyperlink.h */,
				69A80A481AA2B0AC00924AFD /* NSAttributedString+Hyperlink.m */,
				6985D80819D4423F00343F35 /* CLCPopController.h */,
				6985D80919D4423F00343F35 /* CLCPopController.m */,
				69C45CD019D3B17D004AC6DD /* CLCCalendar.h */,
				69C45CD119D3B17D004AC6DD /* CLCCalendar.m */,
			);
			name = sources;
			sourceTree = "<group>";
		};
		69D8B53F19D2946300A75B32 /* Resources */ = {
			isa = PBXGroup;
			children = (
				69F7D1B819E281DC0049D5DA /* vendors */,
				6985D80A19D4423F00343F35 /* CLCPopController.xib */,
				69A80A271AA1FEE500924AFD /* UpdateWindowController.xib */,
				69C7D2101A9D670A00C5C7FC /* about.png */,
				69854E6F19DDD2B200A35ECC /* icon.png */,
			);
			name = Resources;
			sourceTree = "<group>";
		};
		69F7D1B819E281DC0049D5DA /* vendors */ = {
			isa = PBXGroup;
			children = (
				69F7D1B919E281EE0049D5DA /* calendar.htm */,
				69F7D1BA19E281EE0049D5DA /* calendar.js */,
				69C740CA1A9F4898003318DC /* holidays.js */,
				6962C9F11AA6BE520023CBE2 /* festivals.js */,
				697D8F141AA1C9170039D2B4 /* VERSION */,
				69F7D1BB19E281EE0049D5DA /* font-awesome.min.css */,
				69F7D1BC19E281EE0049D5DA /* fontawesome-webfont.ttf */,
				69F7D1BD19E281EE0049D5DA /* fontawesome-webfont.woff */,
				69F7D1BE19E281EE0049D5DA /* FontAwesome.otf */,
				69F7D1BF19E281EE0049D5DA /* index.js */,
				69F7D1C119E281EE0049D5DA /* style.css */,
			);
			name = vendors;
			sourceTree = "<group>";
		};
/* End PBXGroup section */

/* Begin PBXNativeTarget section */
		69D8B51419D278A900A75B32 /* chinese lunar calendar */ = {
			isa = PBXNativeTarget;
			buildConfigurationList = 69D8B51C19D278A900A75B32 /* Build configuration list for PBXNativeTarget "chinese lunar calendar" */;
			buildPhases = (
				69D8B51119D278A900A75B32 /* Sources */,
				69D8B51219D278A900A75B32 /* Frameworks */,
				69D8B51319D278A900A75B32 /* Resources */,
			);
			buildRules = (
			);
			dependencies = (
			);
			name = "chinese lunar calendar";
			productName = "chinese lunar calendar";
			productReference = 69D8B51519D278A900A75B32 /* CLCMenuExtra.menu */;
			productType = "com.apple.product-type.bundle";
		};
/* End PBXNativeTarget section */

/* Begin PBXProject section */
		69D8B50D19D278A900A75B32 /* Project object */ = {
			isa = PBXProject;
			attributes = {
				LastUpgradeCheck = 0600;
				ORGANIZATIONNAME = Zhengfa;
				TargetAttributes = {
					69D8B51419D278A900A75B32 = {
						CreatedOnToolsVersion = 6.0.1;
					};
				};
			};
			buildConfigurationList = 69D8B51019D278A900A75B32 /* Build configuration list for PBXProject "chinese lunar calendar" */;
			compatibilityVersion = "Xcode 3.2";
			developmentRegion = English;
			hasScannedForEncodings = 0;
			knownRegions = (
				en,
			);
			mainGroup = 69D8B50C19D278A900A75B32;
			productRefGroup = 69D8B51619D278A900A75B32 /* Products */;
			projectDirPath = "";
			projectRoot = "";
			targets = (
				69D8B51419D278A900A75B32 /* chinese lunar calendar */,
			);
		};
/* End PBXProject section */

/* Begin PBXResourcesBuildPhase section */
		69D8B51319D278A900A75B32 /* Resources */ = {
			isa = PBXResourcesBuildPhase;
			buildActionMask = 2147483647;
			files = (
				6962C9F01AA6B9AC0023CBE2 /* readme.txt in Resources */,
				69F7D1C419E281EE0049D5DA /* font-awesome.min.css in Resources */,
				697D8F151AA1C9170039D2B4 /* VERSION in Resources */,
				69F7D1CA19E281EE0049D5DA /* style.css in Resources */,
				69854E7019DDD2B200A35ECC /* icon.png in Resources */,
				69F7D1C619E281EE0049D5DA /* fontawesome-webfont.woff in Resources */,
				69F7D1C519E281EE0049D5DA /* fontawesome-webfont.ttf in Resources */,
				69F7D1C219E281EE0049D5DA /* calendar.htm in Resources */,
				6962C9F21AA6BE520023CBE2 /* festivals.js in Resources */,
				69F7D1C819E281EE0049D5DA /* index.js in Resources */,
				69A80A291AA1FEE500924AFD /* UpdateWindowController.xib in Resources */,
				69F7D1C719E281EE0049D5DA /* FontAwesome.otf in Resources */,
				69C7D2111A9D670A00C5C7FC /* about.png in Resources */,
				69C740CB1A9F4898003318DC /* holidays.js in Resources */,
				6985D80C19D4423F00343F35 /* CLCPopController.xib in Resources */,
				69F7D1C319E281EE0049D5DA /* calendar.js in Resources */,
			);
			runOnlyForDeploymentPostprocessing = 0;
		};
/* End PBXResourcesBuildPhase section */

/* Begin PBXSourcesBuildPhase section */
		69D8B51119D278A900A75B32 /* Sources */ = {
			isa = PBXSourcesBuildPhase;
			buildActionMask = 2147483647;
			files = (
				69A80A431AA21F0000924AFD /* AFURLConnectionOperation.m in Sources */,
				69A80A3E1AA21F0000924AFD /* AFHTTPRequestOperation.m in Sources */,
				69A80A411AA21F0000924AFD /* AFNetworkReachabilityManager.m in Sources */,
				69A80A461AA21F0000924AFD /* AFURLSessionManager.m in Sources */,
				69A80A441AA21F0000924AFD /* AFURLRequestSerialization.m in Sources */,
				69A80A281AA1FEE500924AFD /* UpdateWindowController.m in Sources */,
				69A80A491AA2B0AC00924AFD /* NSAttributedString+Hyperlink.m in Sources */,
				69A80A451AA21F0000924AFD /* AFURLResponseSerialization.m in Sources */,
				69C45CD219D3B17D004AC6DD /* CLCCalendar.m in Sources */,
				69D8B53D19D290E400A75B32 /* CLCMenuExtra.m in Sources */,
				69A80A3F1AA21F0000924AFD /* AFHTTPRequestOperationManager.m in Sources */,
				69A80A421AA21F0000924AFD /* AFSecurityPolicy.m in Sources */,
				6985D80B19D4423F00343F35 /* CLCPopController.m in Sources */,
				69D8B53E19D290E400A75B32 /* CLCMenuExtraView.m in Sources */,
				69A80A401AA21F0000924AFD /* AFHTTPSessionManager.m in Sources */,
			);
			runOnlyForDeploymentPostprocessing = 0;
		};
/* End PBXSourcesBuildPhase section */

/* Begin XCBuildConfiguration section */
		69D8B51A19D278A900A75B32 /* Debug */ = {
			isa = XCBuildConfiguration;
			buildSettings = {
				ALWAYS_SEARCH_USER_PATHS = NO;
				CLANG_CXX_LANGUAGE_STANDARD = "gnu++0x";
				CLANG_CXX_LIBRARY = "libc++";
				CLANG_ENABLE_MODULES = YES;
				CLANG_ENABLE_OBJC_ARC = YES;
				CLANG_WARN_BOOL_CONVERSION = YES;
				CLANG_WARN_CONSTANT_CONVERSION = YES;
				CLANG_WARN_DIRECT_OBJC_ISA_USAGE = YES_ERROR;
				CLANG_WARN_EMPTY_BODY = YES;
				CLANG_WARN_ENUM_CONVERSION = YES;
				CLANG_WARN_INT_CONVERSION = YES;
				CLANG_WARN_OBJC_ROOT_CLASS = YES_ERROR;
				CLANG_WARN_UNREACHABLE_CODE = YES;
				CLANG_WARN__DUPLICATE_METHOD_MATCH = YES;
				COPY_PHASE_STRIP = NO;
				ENABLE_STRICT_OBJC_MSGSEND = YES;
				GCC_C_LANGUAGE_STANDARD = gnu99;
				GCC_DYNAMIC_NO_PIC = NO;
				GCC_OPTIMIZATION_LEVEL = 0;
				GCC_PREPROCESSOR_DEFINITIONS = (
					"DEBUG=1",
					"$(inherited)",
				);
				GCC_SYMBOLS_PRIVATE_EXTERN = NO;
				GCC_WARN_64_TO_32_BIT_CONVERSION = YES;
				GCC_WARN_ABOUT_RETURN_TYPE = YES_ERROR;
				GCC_WARN_UNDECLARED_SELECTOR = YES;
				GCC_WARN_UNINITIALIZED_AUTOS = YES_AGGRESSIVE;
				GCC_WARN_UNUSED_FUNCTION = YES;
				GCC_WARN_UNUSED_VARIABLE = YES;
				MACOSX_DEPLOYMENT_TARGET = 10.9;
				MTL_ENABLE_DEBUG_INFO = YES;
				ONLY_ACTIVE_ARCH = YES;
				SDKROOT = macosx;
			};
			name = Debug;
		};
		69D8B51B19D278A900A75B32 /* Release */ = {
			isa = XCBuildConfiguration;
			buildSettings = {
				ALWAYS_SEARCH_USER_PATHS = NO;
				CLANG_CXX_LANGUAGE_STANDARD = "gnu++0x";
				CLANG_CXX_LIBRARY = "libc++";
				CLANG_ENABLE_MODULES = YES;
				CLANG_ENABLE_OBJC_ARC = YES;
				CLANG_WARN_BOOL_CONVERSION = YES;
				CLANG_WARN_CONSTANT_CONVERSION = YES;
				CLANG_WARN_DIRECT_OBJC_ISA_USAGE = YES_ERROR;
				CLANG_WARN_EMPTY_BODY = YES;
				CLANG_WARN_ENUM_CONVERSION = YES;
				CLANG_WARN_INT_CONVERSION = YES;
				CLANG_WARN_OBJC_ROOT_CLASS = YES_ERROR;
				CLANG_WARN_UNREACHABLE_CODE = YES;
				CLANG_WARN__DUPLICATE_METHOD_MATCH = YES;
				COPY_PHASE_STRIP = YES;
				DEBUG_INFORMATION_FORMAT = "dwarf-with-dsym";
				ENABLE_NS_ASSERTIONS = NO;
				ENABLE_STRICT_OBJC_MSGSEND = YES;
				GCC_C_LANGUAGE_STANDARD = gnu99;
				GCC_WARN_64_TO_32_BIT_CONVERSION = YES;
				GCC_WARN_ABOUT_RETURN_TYPE = YES_ERROR;
				GCC_WARN_UNDECLARED_SELECTOR = YES;
				GCC_WARN_UNINITIALIZED_AUTOS = YES_AGGRESSIVE;
				GCC_WARN_UNUSED_FUNCTION = YES;
				GCC_WARN_UNUSED_VARIABLE = YES;
				MACOSX_DEPLOYMENT_TARGET = 10.9;
				MTL_ENABLE_DEBUG_INFO = NO;
				SDKROOT = macosx;
			};
			name = Release;
		};
		69D8B51D19D278A900A75B32 /* Debug */ = {
			isa = XCBuildConfiguration;
			buildSettings = {
				COMBINE_HIDPI_IMAGES = YES;
				FRAMEWORK_SEARCH_PATHS = (
					"$(inherited)",
					"$(PROJECT_DIR)",
				);
				INFOPLIST_FILE = "chinese lunar calendar/Info.plist";
				INSTALL_PATH = "$(LOCAL_LIBRARY_DIR)/Bundles";
				MACOSX_DEPLOYMENT_TARGET = 10.7;
				ONLY_ACTIVE_ARCH = YES;
				PRODUCT_NAME = CLCMenuExtra;
				SKIP_INSTALL = YES;
				WRAPPER_EXTENSION = menu;
			};
			name = Debug;
		};
		69D8B51E19D278A900A75B32 /* Release */ = {
			isa = XCBuildConfiguration;
			buildSettings = {
				COMBINE_HIDPI_IMAGES = YES;
				FRAMEWORK_SEARCH_PATHS = (
					"$(inherited)",
					"$(PROJECT_DIR)",
				);
				INFOPLIST_FILE = "chinese lunar calendar/Info.plist";
				INSTALL_PATH = "$(LOCAL_LIBRARY_DIR)/Bundles";
				MACOSX_DEPLOYMENT_TARGET = 10.7;
				ONLY_ACTIVE_ARCH = YES;
				PRODUCT_NAME = CLCMenuExtra;
				SKIP_INSTALL = YES;
				WRAPPER_EXTENSION = menu;
			};
			name = Release;
		};
/* End XCBuildConfiguration section */

/* Begin XCConfigurationList section */
		69D8B51019D278A900A75B32 /* Build configuration list for PBXProject "chinese lunar calendar" */ = {
			isa = XCConfigurationList;
			buildConfigurations = (
				69D8B51A19D278A900A75B32 /* Debug */,
				69D8B51B19D278A900A75B32 /* Release */,
			);
			defaultConfigurationIsVisible = 0;
			defaultConfigurationName = Release;
		};
		69D8B51C19D278A900A75B32 /* Build configuration list for PBXNativeTarget "chinese lunar calendar" */ = {
			isa = XCConfigurationList;
			buildConfigurations = (
				69D8B51D19D278A900A75B32 /* Debug */,
				69D8B51E19D278A900A75B32 /* Release */,
			);
			defaultConfigurationIsVisible = 0;
			defaultConfigurationName = Release;
		};
/* End XCConfigurationList section */
	};
	rootObject = 69D8B50D19D278A900A75B32 /* Project object */;
}
