// !$*UTF8*$!
{
	archiveVersion = 1;
	classes = {
	};
	objectVersion = 56;
	objects = {

/* Begin PBXBuildFile section */
		697CDC142F11E2D700732FE3 /* check@2x.png in Resources */ = {isa = PBXBuildFile; fileRef = 697CDBF62F11E2D700732FE3 /* check@2x.png */; };
		697CDC152F11E2D700732FE3 /* check@1x.png in Resources */ = {isa = PBXBuildFile; fileRef = 697CDBF52F11E2D700732FE3 /* check@1x.png */; };
		697CDC1A2F11E2D700732FE3 /* check@3x.png in Resources */ = {isa = PBXBuildFile; fileRef = 697CDBF72F11E2D700732FE3 /* check@3x.png */; };
		697CDC1E2F11E2D700732FE3 /* check.png in Resources */ = {isa = PBXBuildFile; fileRef = 697CDBF42F11E2D700732FE3 /* check.png */; };
		697CDC2A2F11E2D700732FE3 /* icon@2x.png in Resources */ = {isa = PBXBuildFile; fileRef = 697CDBF92F11E2D700732FE3 /* icon@2x.png */; };
		697CDC2B2F11E2D700732FE3 /* icon@1x.png in Resources */ = {isa = PBXBuildFile; fileRef = 697CDBF82F11E2D700732FE3 /* icon@1x.png */; };
		697CDC2D2F11E2D700732FE3 /* CalendarHeaderView.swift in Sources */ = {isa = PBXBuildFile; fileRef = 697CDC112F11E2D700732FE3 /* CalendarHeaderView.swift */; };
		697CDC2E2F11E2D700732FE3 /* FestivalData.swift in Sources */ = {isa = PBXBuildFile; fileRef = 697CDBF22F11E2D700732FE3 /* FestivalData.swift */; };
		697CDC332F11E2D700732FE3 /* CalendarView.swift in Sources */ = {isa = PBXBuildFile; fileRef = 697CDC122F11E2D700732FE3 /* CalendarView.swift */; };
		697CDC362F11E2D700732FE3 /* LunarCalendar.swift in Sources */ = {isa = PBXBuildFile; fileRef = 697CDBF32F11E2D700732FE3 /* LunarCalendar.swift */; };
		697CDC382F11E2D700732FE3 /* CalendarDayCell.swift in Sources */ = {isa = PBXBuildFile; fileRef = 697CDC0F2F11E2D700732FE3 /* CalendarDayCell.swift */; };
		697CDC3C2F11E2D700732FE3 /* CalendarDetailView.swift in Sources */ = {isa = PBXBuildFile; fileRef = 697CDC102F11E2D700732FE3 /* CalendarDetailView.swift */; };
		69B0F6161B69EF7A00A75D21 /* Images.xcassets in Resources */ = {isa = PBXBuildFile; fileRef = 69B0F6151B69EF7A00A75D21 /* Images.xcassets */; };
		69D8F6822F11ECEA00F5DB95 /* WanNianLiApp.swift in Sources */ = {isa = PBXBuildFile; fileRef = 69D8F6812F11ECEA00F5DB95 /* WanNianLiApp.swift */; };
		69D8F6842F11EF1900F5DB95 /* SettingsView.swift in Sources */ = {isa = PBXBuildFile; fileRef = 69D8F6832F11EF1900F5DB95 /* SettingsView.swift */; };
/* End PBXBuildFile section */

/* Begin PBXFileReference section */
		697CDBF22F11E2D700732FE3 /* FestivalData.swift */ = {isa = PBXFileReference; lastKnownFileType = sourcecode.swift; path = FestivalData.swift; sourceTree = "<group>"; };
		697CDBF32F11E2D700732FE3 /* LunarCalendar.swift */ = {isa = PBXFileReference; lastKnownFileType = sourcecode.swift; path = LunarCalendar.swift; sourceTree = "<group>"; };
		697CDBF42F11E2D700732FE3 /* check.png */ = {isa = PBXFileReference; lastKnownFileType = image.png; path = check.png; sourceTree = "<group>"; };
		697CDBF52F11E2D700732FE3 /* check@1x.png */ = {isa = PBXFileReference; lastKnownFileType = image.png; path = "check@1x.png"; sourceTree = "<group>"; };
		697CDBF62F11E2D700732FE3 /* check@2x.png */ = {isa = PBXFileReference; lastKnownFileType = image.png; path = "check@2x.png"; sourceTree = "<group>"; };
		697CDBF72F11E2D700732FE3 /* check@3x.png */ = {isa = PBXFileReference; lastKnownFileType = image.png; path = "check@3x.png"; sourceTree = "<group>"; };
		697CDBF82F11E2D700732FE3 /* icon@1x.png */ = {isa = PBXFileReference; lastKnownFileType = image.png; path = "icon@1x.png"; sourceTree = "<group>"; };
		697CDBF92F11E2D700732FE3 /* icon@2x.png */ = {isa = PBXFileReference; lastKnownFileType = image.png; path = "icon@2x.png"; sourceTree = "<group>"; };
		697CDC0F2F11E2D700732FE3 /* CalendarDayCell.swift */ = {isa = PBXFileReference; lastKnownFileType = sourcecode.swift; path = CalendarDayCell.swift; sourceTree = "<group>"; };
		697CDC102F11E2D700732FE3 /* CalendarDetailView.swift */ = {isa = PBXFileReference; lastKnownFileType = sourcecode.swift; path = CalendarDetailView.swift; sourceTree = "<group>"; };
		697CDC112F11E2D700732FE3 /* CalendarHeaderView.swift */ = {isa = PBXFileReference; lastKnownFileType = sourcecode.swift; path = CalendarHeaderView.swift; sourceTree = "<group>"; };
		697CDC122F11E2D700732FE3 /* CalendarView.swift */ = {isa = PBXFileReference; lastKnownFileType = sourcecode.swift; path = CalendarView.swift; sourceTree = "<group>"; };
		69B0F60B1B69EF7A00A75D21 /* WanNianLi.app */ = {isa = PBXFileReference; explicitFileType = wrapper.application; includeInIndex = 0; path = WanNianLi.app; sourceTree = BUILT_PRODUCTS_DIR; };
		69B0F60F1B69EF7A00A75D21 /* Info.plist */ = {isa = PBXFileReference; lastKnownFileType = text.plist.xml; path = Info.plist; sourceTree = "<group>"; };
		69B0F6151B69EF7A00A75D21 /* Images.xcassets */ = {isa = PBXFileReference; lastKnownFileType = folder.assetcatalog; path = Images.xcassets; sourceTree = "<group>"; };
		69D8F6812F11ECEA00F5DB95 /* WanNianLiApp.swift */ = {isa = PBXFileReference; lastKnownFileType = sourcecode.swift; path = WanNianLiApp.swift; sourceTree = "<group>"; };
		69D8F6832F11EF1900F5DB95 /* SettingsView.swift */ = {isa = PBXFileReference; lastKnownFileType = sourcecode.swift; path = SettingsView.swift; sourceTree = "<group>"; };
/* End PBXFileReference section */

/* Begin PBXFrameworksBuildPhase section */
		69B0F6081B69EF7A00A75D21 /* Frameworks */ = {
			isa = PBXFrameworksBuildPhase;
			buildActionMask = 2147483647;
			files = (
			);
			runOnlyForDeploymentPostprocessing = 0;
		};
/* End PBXFrameworksBuildPhase section */

/* Begin PBXGroup section */
		697CDBFA2F11E2D700732FE3 /* Materials */ = {
			isa = PBXGroup;
			children = (
				697CDBF42F11E2D700732FE3 /* check.png */,
				697CDBF52F11E2D700732FE3 /* check@1x.png */,
				697CDBF62F11E2D700732FE3 /* check@2x.png */,
				697CDBF72F11E2D700732FE3 /* check@3x.png */,
				697CDBF82F11E2D700732FE3 /* icon@1x.png */,
				697CDBF92F11E2D700732FE3 /* icon@2x.png */,
			);
			path = Materials;
			sourceTree = "<group>";
		};
		697CDC132F11E2D700732FE3 /* Views */ = {
			isa = PBXGroup;
			children = (
				697CDC0F2F11E2D700732FE3 /* CalendarDayCell.swift */,
				697CDC102F11E2D700732FE3 /* CalendarDetailView.swift */,
				697CDC112F11E2D700732FE3 /* CalendarHeaderView.swift */,
				697CDC122F11E2D700732FE3 /* CalendarView.swift */,
				69D8F6832F11EF1900F5DB95 /* SettingsView.swift */,
			);
			path = Views;
			sourceTree = "<group>";
		};
		69B0F6021B69EF7A00A75D21 = {
			isa = PBXGroup;
			children = (
				69B0F60D1B69EF7A00A75D21 /* WanNianLi */,
				69B0F60C1B69EF7A00A75D21 /* Products */,
			);
			sourceTree = "<group>";
		};
		69B0F60C1B69EF7A00A75D21 /* Products */ = {
			isa = PBXGroup;
			children = (
				69B0F60B1B69EF7A00A75D21 /* WanNianLi.app */,
			);
			name = Products;
			sourceTree = "<group>";
		};
		69B0F60D1B69EF7A00A75D21 /* WanNianLi */ = {
			isa = PBXGroup;
			children = (
				69D8F6812F11ECEA00F5DB95 /* WanNianLiApp.swift */,
				697CDBF22F11E2D700732FE3 /* FestivalData.swift */,
				697CDBF32F11E2D700732FE3 /* LunarCalendar.swift */,
				697CDC132F11E2D700732FE3 /* Views */,
				697CDBFA2F11E2D700732FE3 /* Materials */,
				69B0F6151B69EF7A00A75D21 /* Images.xcassets */,
				69B0F60F1B69EF7A00A75D21 /* Info.plist */,
			);
			path = WanNianLi;
			sourceTree = "<group>";
		};
/* End PBXGroup section */

/* Begin PBXNativeTarget section */
		69B0F60A1B69EF7A00A75D21 /* WanNianLi */ = {
			isa = PBXNativeTarget;
			buildConfigurationList = 69B0F6281B69EF7A00A75D21 /* Build configuration list for PBXNativeTarget "WanNianLi" */;
			buildPhases = (
				69B0F6071B69EF7A00A75D21 /* Sources */,
				69B0F6081B69EF7A00A75D21 /* Frameworks */,
				69B0F6091B69EF7A00A75D21 /* Resources */,
			);
			buildRules = (
			);
			dependencies = (
			);
			name = WanNianLi;
			productName = WanNianLi;
			productReference = 69B0F60B1B69EF7A00A75D21 /* WanNianLi.app */;
			productType = "com.apple.product-type.application";
		};
/* End PBXNativeTarget section */

/* Begin PBXProject section */
		69B0F6031B69EF7A00A75D21 /* Project object */ = {
			isa = PBXProject;
			attributes = {
				BuildIndependentTargetsInParallel = YES;
				LastSwiftUpdateCheck = 1600;
				LastUpgradeCheck = 1600;
				ORGANIZATIONNAME = Zhengfa;
				TargetAttributes = {
					69B0F60A1B69EF7A00A75D21 = {
						CreatedOnToolsVersion = 16.0;
						LastSwiftMigration = 1600;
					};
				};
			};
			buildConfigurationList = 69B0F6061B69EF7A00A75D21 /* Build configuration list for PBXProject "WanNianLi" */;
			compatibilityVersion = "Xcode 14.0";
			developmentRegion = "zh-Hans";
			hasScannedForEncodings = 0;
			knownRegions = (
				en,
				"zh-Hans",
				Base,
			);
			mainGroup = 69B0F6021B69EF7A00A75D21;
			productRefGroup = 69B0F60C1B69EF7A00A75D21 /* Products */;
			projectDirPath = "";
			projectRoot = "";
			targets = (
				69B0F60A1B69EF7A00A75D21 /* WanNianLi */,
			);
		};
/* End PBXProject section */

/* Begin PBXResourcesBuildPhase section */
		69B0F6091B69EF7A00A75D21 /* Resources */ = {
			isa = PBXResourcesBuildPhase;
			buildActionMask = 2147483647;
			files = (
				69B0F6161B69EF7A00A75D21 /* Images.xcassets in Resources */,
				697CDC142F11E2D700732FE3 /* check@2x.png in Resources */,
				697CDC152F11E2D700732FE3 /* check@1x.png in Resources */,
				697CDC1A2F11E2D700732FE3 /* check@3x.png in Resources */,
				697CDC1E2F11E2D700732FE3 /* check.png in Resources */,
				697CDC2A2F11E2D700732FE3 /* icon@2x.png in Resources */,
				697CDC2B2F11E2D700732FE3 /* icon@1x.png in Resources */,
			);
			runOnlyForDeploymentPostprocessing = 0;
		};
/* End PBXResourcesBuildPhase section */

/* Begin PBXSourcesBuildPhase section */
		69B0F6071B69EF7A00A75D21 /* Sources */ = {
			isa = PBXSourcesBuildPhase;
			buildActionMask = 2147483647;
			files = (
				69D8F6822F11ECEA00F5DB95 /* WanNianLiApp.swift in Sources */,
				697CDC2E2F11E2D700732FE3 /* FestivalData.swift in Sources */,
				697CDC362F11E2D700732FE3 /* LunarCalendar.swift in Sources */,
				697CDC2D2F11E2D700732FE3 /* CalendarHeaderView.swift in Sources */,
				697CDC332F11E2D700732FE3 /* CalendarView.swift in Sources */,
				697CDC382F11E2D700732FE3 /* CalendarDayCell.swift in Sources */,
				697CDC3C2F11E2D700732FE3 /* CalendarDetailView.swift in Sources */,
				69D8F6842F11EF1900F5DB95 /* SettingsView.swift in Sources */,
			);
			runOnlyForDeploymentPostprocessing = 0;
		};
/* End PBXSourcesBuildPhase section */

/* Begin XCBuildConfiguration section */
		69B0F6261B69EF7A00A75D21 /* Debug */ = {
			isa = XCBuildConfiguration;
			buildSettings = {
				ALWAYS_SEARCH_USER_PATHS = NO;
				ASSETCATALOG_COMPILER_GENERATE_SWIFT_ASSET_SYMBOL_EXTENSIONS = YES;
				CLANG_ANALYZER_NONNULL = YES;
				CLANG_ANALYZER_NUMBER_OBJECT_CONVERSION = YES_AGGRESSIVE;
				CLANG_CXX_LANGUAGE_STANDARD = "gnu++20";
				CLANG_ENABLE_MODULES = YES;
				CLANG_ENABLE_OBJC_ARC = YES;
				CLANG_ENABLE_OBJC_WEAK = YES;
				CLANG_WARN_BLOCK_CAPTURE_AUTORELEASING = YES;
				CLANG_WARN_BOOL_CONVERSION = YES;
				CLANG_WARN_COMMA = YES;
				CLANG_WARN_CONSTANT_CONVERSION = YES;
				CLANG_WARN_DEPRECATED_OBJC_IMPLEMENTATIONS = YES;
				CLANG_WARN_DIRECT_OBJC_ISA_USAGE = YES_ERROR;
				CLANG_WARN_DOCUMENTATION_COMMENTS = YES;
				CLANG_WARN_EMPTY_BODY = YES;
				CLANG_WARN_ENUM_CONVERSION = YES;
				CLANG_WARN_INFINITE_RECURSION = YES;
				CLANG_WARN_INT_CONVERSION = YES;
				CLANG_WARN_NON_LITERAL_NULL_CONVERSION = YES;
				CLANG_WARN_OBJC_IMPLICIT_RETAIN_SELF = YES;
				CLANG_WARN_OBJC_LITERAL_CONVERSION = YES;
				CLANG_WARN_OBJC_ROOT_CLASS = YES_ERROR;
				CLANG_WARN_QUOTED_INCLUDE_IN_FRAMEWORK_HEADER = YES;
				CLANG_WARN_RANGE_LOOP_ANALYSIS = YES;
				CLANG_WARN_STRICT_PROTOTYPES = YES;
				CLANG_WARN_SUSPICIOUS_MOVE = YES;
				CLANG_WARN_UNGUARDED_AVAILABILITY = YES_AGGRESSIVE;
				CLANG_WARN_UNREACHABLE_CODE = YES;
				CLANG_WARN__DUPLICATE_METHOD_MATCH = YES;
				COPY_PHASE_STRIP = NO;
				DEBUG_INFORMATION_FORMAT = dwarf;
				ENABLE_STRICT_OBJC_MSGSEND = YES;
				ENABLE_TESTABILITY = YES;
				ENABLE_USER_SCRIPT_SANDBOXING = YES;
				GCC_C_LANGUAGE_STANDARD = gnu17;
				GCC_DYNAMIC_NO_PIC = NO;
				GCC_NO_COMMON_BLOCKS = YES;
				GCC_OPTIMIZATION_LEVEL = 0;
				GCC_PREPROCESSOR_DEFINITIONS = (
					"DEBUG=1",
					"$(inherited)",
				);
				GCC_WARN_64_TO_32_BIT_CONVERSION = YES;
				GCC_WARN_ABOUT_RETURN_TYPE = YES_ERROR;
				GCC_WARN_UNDECLARED_SELECTOR = YES;
				GCC_WARN_UNINITIALIZED_AUTOS = YES_AGGRESSIVE;
				GCC_WARN_UNUSED_FUNCTION = YES;
				GCC_WARN_UNUSED_VARIABLE = YES;
				LOCALIZATION_PREFERS_STRING_CATALOGS = YES;
				MACOSX_DEPLOYMENT_TARGET = 14.0;
				MTL_ENABLE_DEBUG_INFO = INCLUDE_SOURCE;
				MTL_FAST_MATH = YES;
				ONLY_ACTIVE_ARCH = YES;
				SDKROOT = macosx;
				SWIFT_ACTIVE_COMPILATION_CONDITIONS = "DEBUG $(inherited)";
				SWIFT_OPTIMIZATION_LEVEL = "-Onone";
				SWIFT_VERSION = 5.0;
			};
			name = Debug;
		};
		69B0F6271B69EF7A00A75D21 /* Release */ = {
			isa = XCBuildConfiguration;
			buildSettings = {
				ALWAYS_SEARCH_USER_PATHS = NO;
				ASSETCATALOG_COMPILER_GENERATE_SWIFT_ASSET_SYMBOL_EXTENSIONS = YES;
				CLANG_ANALYZER_NONNULL = YES;
				CLANG_ANALYZER_NUMBER_OBJECT_CONVERSION = YES_AGGRESSIVE;
				CLANG_CXX_LANGUAGE_STANDARD = "gnu++20";
				CLANG_ENABLE_MODULES = YES;
				CLANG_ENABLE_OBJC_ARC = YES;
				CLANG_ENABLE_OBJC_WEAK = YES;
				CLANG_WARN_BLOCK_CAPTURE_AUTORELEASING = YES;
				CLANG_WARN_BOOL_CONVERSION = YES;
				CLANG_WARN_COMMA = YES;
				CLANG_WARN_CONSTANT_CONVERSION = YES;
				CLANG_WARN_DEPRECATED_OBJC_IMPLEMENTATIONS = YES;
				CLANG_WARN_DIRECT_OBJC_ISA_USAGE = YES_ERROR;
				CLANG_WARN_DOCUMENTATION_COMMENTS = YES;
				CLANG_WARN_EMPTY_BODY = YES;
				CLANG_WARN_ENUM_CONVERSION = YES;
				CLANG_WARN_INFINITE_RECURSION = YES;
				CLANG_WARN_INT_CONVERSION = YES;
				CLANG_WARN_NON_LITERAL_NULL_CONVERSION = YES;
				CLANG_WARN_OBJC_IMPLICIT_RETAIN_SELF = YES;
				CLANG_WARN_OBJC_LITERAL_CONVERSION = YES;
				CLANG_WARN_OBJC_ROOT_CLASS = YES_ERROR;
				CLANG_WARN_QUOTED_INCLUDE_IN_FRAMEWORK_HEADER = YES;
				CLANG_WARN_RANGE_LOOP_ANALYSIS = YES;
				CLANG_WARN_STRICT_PROTOTYPES = YES;
				CLANG_WARN_SUSPICIOUS_MOVE = YES;
				CLANG_WARN_UNGUARDED_AVAILABILITY = YES_AGGRESSIVE;
				CLANG_WARN_UNREACHABLE_CODE = YES;
				CLANG_WARN__DUPLICATE_METHOD_MATCH = YES;
				COPY_PHASE_STRIP = NO;
				DEBUG_INFORMATION_FORMAT = "dwarf-with-dsym";
				ENABLE_NS_ASSERTIONS = NO;
				ENABLE_STRICT_OBJC_MSGSEND = YES;
				ENABLE_USER_SCRIPT_SANDBOXING = YES;
				GCC_C_LANGUAGE_STANDARD = gnu17;
				GCC_NO_COMMON_BLOCKS = YES;
				GCC_WARN_64_TO_32_BIT_CONVERSION = YES;
				GCC_WARN_ABOUT_RETURN_TYPE = YES_ERROR;
				GCC_WARN_UNDECLARED_SELECTOR = YES;
				GCC_WARN_UNINITIALIZED_AUTOS = YES_AGGRESSIVE;
				GCC_WARN_UNUSED_FUNCTION = YES;
				GCC_WARN_UNUSED_VARIABLE = YES;
				LOCALIZATION_PREFERS_STRING_CATALOGS = YES;
				MACOSX_DEPLOYMENT_TARGET = 14.0;
				MTL_ENABLE_DEBUG_INFO = NO;
				MTL_FAST_MATH = YES;
				SDKROOT = macosx;
				SWIFT_COMPILATION_MODE = wholemodule;
				SWIFT_VERSION = 5.0;
			};
			name = Release;
		};
		69B0F6291B69EF7A00A75D21 /* Debug */ = {
			isa = XCBuildConfiguration;
			buildSettings = {
				ASSETCATALOG_COMPILER_APPICON_NAME = AppIcon;
				CODE_SIGN_ENTITLEMENTS = "";
				CODE_SIGN_STYLE = Automatic;
				COMBINE_HIDPI_IMAGES = YES;
				CURRENT_PROJECT_VERSION = 1;
				GENERATE_INFOPLIST_FILE = NO;
				INFOPLIST_FILE = WanNianLi/Info.plist;
				INFOPLIST_KEY_CFBundleDisplayName = WanNianLi;
				INFOPLIST_KEY_LSApplicationCategoryType = "public.app-category.utilities";
				INFOPLIST_KEY_NSHumanReadableCopyright = "Copyright © 2024 Zhengfa. All rights reserved.";
				LD_RUNPATH_SEARCH_PATHS = (
					"$(inherited)",
					"@executable_path/../Frameworks",
				);
				MARKETING_VERSION = 4.0;
				PRODUCT_BUNDLE_IDENTIFIER = com.zfdang.WanNianLi;
				PRODUCT_NAME = "$(TARGET_NAME)";
				SWIFT_EMIT_LOC_STRINGS = YES;
				SWIFT_VERSION = 5.0;
			};
			name = Debug;
		};
		69B0F62A1B69EF7A00A75D21 /* Release */ = {
			isa = XCBuildConfiguration;
			buildSettings = {
				ASSETCATALOG_COMPILER_APPICON_NAME = AppIcon;
				CODE_SIGN_ENTITLEMENTS = "";
				CODE_SIGN_STYLE = Automatic;
				COMBINE_HIDPI_IMAGES = YES;
				CURRENT_PROJECT_VERSION = 1;
				GENERATE_INFOPLIST_FILE = NO;
				INFOPLIST_FILE = WanNianLi/Info.plist;
				INFOPLIST_KEY_CFBundleDisplayName = WanNianLi;
				INFOPLIST_KEY_LSApplicationCategoryType = "public.app-category.utilities";
				INFOPLIST_KEY_NSHumanReadableCopyright = "Copyright © 2024 Zhengfa. All rights reserved.";
				LD_RUNPATH_SEARCH_PATHS = (
					"$(inherited)",
					"@executable_path/../Frameworks",
				);
				MARKETING_VERSION = 4.0;
				PRODUCT_BUNDLE_IDENTIFIER = com.zfdang.WanNianLi;
				PRODUCT_NAME = "$(TARGET_NAME)";
				SWIFT_EMIT_LOC_STRINGS = YES;
				SWIFT_VERSION = 5.0;
			};
			name = Release;
		};
/* End XCBuildConfiguration section */

/* Begin XCConfigurationList section */
		69B0F6061B69EF7A00A75D21 /* Build configuration list for PBXProject "WanNianLi" */ = {
			isa = XCConfigurationList;
			buildConfigurations = (
				69B0F6261B69EF7A00A75D21 /* Debug */,
				69B0F6271B69EF7A00A75D21 /* Release */,
			);
			defaultConfigurationIsVisible = 0;
			defaultConfigurationName = Release;
		};
		69B0F6281B69EF7A00A75D21 /* Build configuration list for PBXNativeTarget "WanNianLi" */ = {
			isa = XCConfigurationList;
			buildConfigurations = (
				69B0F6291B69EF7A00A75D21 /* Debug */,
				69B0F62A1B69EF7A00A75D21 /* Release */,
			);
			defaultConfigurationIsVisible = 0;
			defaultConfigurationName = Release;
		};
/* End XCConfigurationList section */
	};
	rootObject = 69B0F6031B69EF7A00A75D21 /* Project object */;
}
