// !$*UTF8*$!
{
	archiveVersion = 1;
	classes = {
	};
	objectVersion = 46;
	objects = {

/* Begin PBXBuildFile section */
		697CDC142F11E2D700732FE3 /* check@2x.png in Resources */ = {isa = PBXBuildFile; fileRef = 697CDBF62F11E2D700732FE3 /* check@2x.png */; };
		697CDC152F11E2D700732FE3 /* check@1x.png in Resources */ = {isa = PBXBuildFile; fileRef = 697CDBF52F11E2D700732FE3 /* check@1x.png */; };
		697CDC1A2F11E2D700732FE3 /* check@3x.png in Resources */ = {isa = PBXBuildFile; fileRef = 697CDBF72F11E2D700732FE3 /* check@3x.png */; };
		697CDC1E2F11E2D700732FE3 /* check.png in Resources */ = {isa = PBXBuildFile; fileRef = 697CDBF42F11E2D700732FE3 /* check.png */; };
		697CDC2A2F11E2D700732FE3 /* icon@2x.png in Resources */ = {isa = PBXBuildFile; fileRef = 697CDBF92F11E2D700732FE3 /* icon@2x.png */; };
		697CDC2B2F11E2D700732FE3 /* icon@1x.png in Resources */ = {isa = PBXBuildFile; fileRef = 697CDBF82F11E2D700732FE3 /* icon@1x.png */; };
		697CDC2D2F11E2D700732FE3 /* CalendarHeaderView.swift in Sources */ = {isa = PBXBuildFile; fileRef = 697CDC112F11E2D700732FE3 /* CalendarHeaderView.swift */; };
		697CDC2E2F11E2D700732FE3 /* FestivalData.swift in Sources */ = {isa = PBXBuildFile; fileRef = 697CDBF22F11E2D700732FE3 /* FestivalData.swift */; };
		697CDC332F11E2D700732FE3 /* CalendarView.swift in Sources */ = {isa = PBXBuildFile; fileRef = 697CDC122F11E2D700732FE3 /* CalendarView.swift */; };
		697CDC362F11E2D700732FE3 /* LunarCalendar.swift in Sources */ = {isa = PBXBuildFile; fileRef = 697CDBF32F11E2D700732FE3 /* LunarCalendar.swift */; };
		697CDC382F11E2D700732FE3 /* CalendarDayCell.swift in Sources */ = {isa = PBXBuildFile; fileRef = 697CDC0F2F11E2D700732FE3 /* CalendarDayCell.swift */; };
		697CDC3C2F11E2D700732FE3 /* CalendarDetailView.swift in Sources */ = {isa = PBXBuildFile; fileRef = 697CDC102F11E2D700732FE3 /* CalendarDetailView.swift */; };
		69B0F6161B69EF7A00A75D21 /* Images.xcassets in Resources */ = {isa = PBXBuildFile; fileRef = 69B0F6151B69EF7A00A75D21 /* Images.xcassets */; };
		69B0F6251B69EF7A00A75D21 /* WanNianLiTests.m in Sources */ = {isa = PBXBuildFile; fileRef = 69B0F6241B69EF7A00A75D21 /* WanNianLiTests.m */; };
		69D8F6822F11ECEA00F5DB95 /* WanNianLiApp.swift in Sources */ = {isa = PBXBuildFile; fileRef = 69D8F6812F11ECEA00F5DB95 /* WanNianLiApp.swift */; };
		69D8F6842F11EF1900F5DB95 /* SettingsView.swift in Sources */ = {isa = PBXBuildFile; fileRef = 69D8F6832F11EF1900F5DB95 /* SettingsView.swift */; };
		69E73BCD1B6A857A00AA4D52 /* WebKit.framework in Frameworks */ = {isa = PBXBuildFile; fileRef = 69E73BCC1B6A857A00AA4D52 /* WebKit.framework */; };
/* End PBXBuildFile section */

/* Begin PBXContainerItemProxy section */
		69B0F61F1B69EF7A00A75D21 /* PBXContainerItemProxy */ = {
			isa = PBXContainerItemProxy;
			containerPortal = 69B0F6031B69EF7A00A75D21 /* Project object */;
			proxyType = 1;
			remoteGlobalIDString = 69B0F60A1B69EF7A00A75D21;
			remoteInfo = WanNianLi;
		};
/* End PBXContainerItemProxy section */

/* Begin PBXFileReference section */
		697CDBF22F11E2D700732FE3 /* FestivalData.swift */ = {isa = PBXFileReference; lastKnownFileType = sourcecode.swift; path = FestivalData.swift; sourceTree = "<group>"; };
		697CDBF32F11E2D700732FE3 /* LunarCalendar.swift */ = {isa = PBXFileReference; lastKnownFileType = sourcecode.swift; path = LunarCalendar.swift; sourceTree = "<group>"; };
		697CDBF42F11E2D700732FE3 /* check.png */ = {isa = PBXFileReference; lastKnownFileType = image.png; path = check.png; sourceTree = "<group>"; };
		697CDBF52F11E2D700732FE3 /* check@1x.png */ = {isa = PBXFileReference; lastKnownFileType = image.png; path = "check@1x.png"; sourceTree = "<group>"; };
		697CDBF62F11E2D700732FE3 /* check@2x.png */ = {isa = PBXFileReference; lastKnownFileType = image.png; path = "check@2x.png"; sourceTree = "<group>"; };
		697CDBF72F11E2D700732FE3 /* check@3x.png */ = {isa = PBXFileReference; lastKnownFileType = image.png; path = "check@3x.png"; sourceTree = "<group>"; };
		697CDBF82F11E2D700732FE3 /* icon@1x.png */ = {isa = PBXFileReference; lastKnownFileType = image.png; path = "icon@1x.png"; sourceTree = "<group>"; };
		697CDBF92F11E2D700732FE3 /* icon@2x.png */ = {isa = PBXFileReference; lastKnownFileType = image.png; path = "icon@2x.png"; sourceTree = "<group>"; };
		697CDC0F2F11E2D700732FE3 /* CalendarDayCell.swift */ = {isa = PBXFileReference; lastKnownFileType = sourcecode.swift; path = CalendarDayCell.swift; sourceTree = "<group>"; };
		697CDC102F11E2D700732FE3 /* CalendarDetailView.swift */ = {isa = PBXFileReference; lastKnownFileType = sourcecode.swift; path = CalendarDetailView.swift; sourceTree = "<group>"; };
		697CDC112F11E2D700732FE3 /* CalendarHeaderView.swift */ = {isa = PBXFileReference; lastKnownFileType = sourcecode.swift; path = CalendarHeaderView.swift; sourceTree = "<group>"; };
		697CDC122F11E2D700732FE3 /* CalendarView.swift */ = {isa = PBXFileReference; lastKnownFileType = sourcecode.swift; path = CalendarView.swift; sourceTree = "<group>"; };
		69B0F60B1B69EF7A00A75D21 /* WanNianLi.app */ = {isa = PBXFileReference; explicitFileType = wrapper.application; includeInIndex = 0; path = WanNianLi.app; sourceTree = BUILT_PRODUCTS_DIR; };
		69B0F60F1B69EF7A00A75D21 /* Info.plist */ = {isa = PBXFileReference; lastKnownFileType = text.plist.xml; path = Info.plist; sourceTree = "<group>"; };
		69B0F6151B69EF7A00A75D21 /* Images.xcassets */ = {isa = PBXFileReference; lastKnownFileType = folder.assetcatalog; path = Images.xcassets; sourceTree = "<group>"; };
		69B0F61E1B69EF7A00A75D21 /* WanNianLiTests.xctest */ = {isa = PBXFileReference; explicitFileType = wrapper.cfbundle; includeInIndex = 0; path = WanNianLiTests.xctest; sourceTree = BUILT_PRODUCTS_DIR; };
		69B0F6231B69EF7A00A75D21 /* Info.plist */ = {isa = PBXFileReference; lastKnownFileType = text.plist.xml; path = Info.plist; sourceTree = "<group>"; };
		69B0F6241B69EF7A00A75D21 /* WanNianLiTests.m */ = {isa = PBXFileReference; lastKnownFileType = sourcecode.c.objc; path = WanNianLiTests.m; sourceTree = "<group>"; };
		69D8F6812F11ECEA00F5DB95 /* WanNianLiApp.swift */ = {isa = PBXFileReference; lastKnownFileType = sourcecode.swift; path = WanNianLiApp.swift; sourceTree = "<group>"; };
		69D8F6832F11EF1900F5DB95 /* SettingsView.swift */ = {isa = PBXFileReference; lastKnownFileType = sourcecode.swift; path = SettingsView.swift; sourceTree = "<group>"; };
		69E73BCC1B6A857A00AA4D52 /* WebKit.framework */ = {isa = PBXFileReference; lastKnownFileType = wrapper.framework; name = WebKit.framework; path = System/Library/Frameworks/WebKit.framework; sourceTree = SDKROOT; };
/* End PBXFileReference section */

/* Begin PBXFrameworksBuildPhase section */
		69B0F6081B69EF7A00A75D21 /* Frameworks */ = {
			isa = PBXFrameworksBuildPhase;
			buildActionMask = 2147483647;
			files = (
				69E73BCD1B6A857A00AA4D52 /* WebKit.framework in Frameworks */,
			);
			runOnlyForDeploymentPostprocessing = 0;
		};
		69B0F61B1B69EF7A00A75D21 /* Frameworks */ = {
			isa = PBXFrameworksBuildPhase;
			buildActionMask = 2147483647;
			files = (
			);
			runOnlyForDeploymentPostprocessing = 0;
		};
/* End PBXFrameworksBuildPhase section */

/* Begin PBXGroup section */
		697CDBFA2F11E2D700732FE3 /* Materials */ = {
			isa = PBXGroup;
			children = (
				697CDBF42F11E2D700732FE3 /* check.png */,
				697CDBF52F11E2D700732FE3 /* check@1x.png */,
				697CDBF62F11E2D700732FE3 /* check@2x.png */,
				697CDBF72F11E2D700732FE3 /* check@3x.png */,
				697CDBF82F11E2D700732FE3 /* icon@1x.png */,
				697CDBF92F11E2D700732FE3 /* icon@2x.png */,
			);
			path = Materials;
			sourceTree = "<group>";
		};
		697CDC132F11E2D700732FE3 /* Views */ = {
			isa = PBXGroup;
			children = (
				69D8F6832F11EF1900F5DB95 /* SettingsView.swift */,
				697CDC0F2F11E2D700732FE3 /* CalendarDayCell.swift */,
				697CDC102F11E2D700732FE3 /* CalendarDetailView.swift */,
				697CDC112F11E2D700732FE3 /* CalendarHeaderView.swift */,
				697CDC122F11E2D700732FE3 /* CalendarView.swift */,
			);
			path = Views;
			sourceTree = "<group>";
		};
		69B0F6021B69EF7A00A75D21 = {
			isa = PBXGroup;
			children = (
				69E73BCC1B6A857A00AA4D52 /* WebKit.framework */,
				69B0F60D1B69EF7A00A75D21 /* WanNianLi */,
				69B0F6211B69EF7A00A75D21 /* WanNianLiTests */,
				69B0F60C1B69EF7A00A75D21 /* Products */,
			);
			sourceTree = "<group>";
		};
		69B0F60C1B69EF7A00A75D21 /* Products */ = {
			isa = PBXGroup;
			children = (
				69B0F60B1B69EF7A00A75D21 /* WanNianLi.app */,
				69B0F61E1B69EF7A00A75D21 /* WanNianLiTests.xctest */,
			);
			name = Products;
			sourceTree = "<group>";
		};
		69B0F60D1B69EF7A00A75D21 /* WanNianLi */ = {
			isa = PBXGroup;
			children = (
				697CDBF22F11E2D700732FE3 /* FestivalData.swift */,
				697CDBF32F11E2D700732FE3 /* LunarCalendar.swift */,
				69D8F6812F11ECEA00F5DB95 /* WanNianLiApp.swift */,
				697CDBFA2F11E2D700732FE3 /* Materials */,
				697CDC132F11E2D700732FE3 /* Views */,
				69B0F6151B69EF7A00A75D21 /* Images.xcassets */,
				69B0F60E1B69EF7A00A75D21 /* Supporting Files */,
			);
			path = WanNianLi;
			sourceTree = "<group>";
		};
		69B0F60E1B69EF7A00A75D21 /* Supporting Files */ = {
			isa = PBXGroup;
			children = (
				69B0F60F1B69EF7A00A75D21 /* Info.plist */,
			);
			name = "Supporting Files";
			sourceTree = "<group>";
		};
		69B0F6211B69EF7A00A75D21 /* WanNianLiTests */ = {
			isa = PBXGroup;
			children = (
				69B0F6241B69EF7A00A75D21 /* WanNianLiTests.m */,
				69B0F6221B69EF7A00A75D21 /* Supporting Files */,
			);
			path = WanNianLiTests;
			sourceTree = "<group>";
		};
		69B0F6221B69EF7A00A75D21 /* Supporting Files */ = {
			isa = PBXGroup;
			children = (
				69B0F6231B69EF7A00A75D21 /* Info.plist */,
			);
			name = "Supporting Files";
			sourceTree = "<group>";
		};
/* End PBXGroup section */

/* Begin PBXNativeTarget section */
		69B0F60A1B69EF7A00A75D21 /* WanNianLi */ = {
			isa = PBXNativeTarget;
			buildConfigurationList = 69B0F6281B69EF7A00A75D21 /* Build configuration list for PBXNativeTarget "WanNianLi" */;
			buildPhases = (
				69B0F6071B69EF7A00A75D21 /* Sources */,
				69B0F6081B69EF7A00A75D21 /* Frameworks */,
				69B0F6091B69EF7A00A75D21 /* Resources */,
			);
			buildRules = (
			);
			dependencies = (
			);
			name = WanNianLi;
			productName = WanNianLi;
			productReference = 69B0F60B1B69EF7A00A75D21 /* WanNianLi.app */;
			productType = "com.apple.product-type.application";
		};
		69B0F61D1B69EF7A00A75D21 /* WanNianLiTests */ = {
			isa = PBXNativeTarget;
			buildConfigurationList = 69B0F62B1B69EF7A00A75D21 /* Build configuration list for PBXNativeTarget "WanNianLiTests" */;
			buildPhases = (
				69B0F61A1B69EF7A00A75D21 /* Sources */,
				69B0F61B1B69EF7A00A75D21 /* Frameworks */,
				69B0F61C1B69EF7A00A75D21 /* Resources */,
			);
			buildRules = (
			);
			dependencies = (
				69B0F6201B69EF7A00A75D21 /* PBXTargetDependency */,
			);
			name = WanNianLiTests;
			productName = WanNianLiTests;
			productReference = 69B0F61E1B69EF7A00A75D21 /* WanNianLiTests.xctest */;
			productType = "com.apple.product-type.bundle.unit-test";
		};
/* End PBXNativeTarget section */

/* Begin PBXProject section */
		69B0F6031B69EF7A00A75D21 /* Project object */ = {
			isa = PBXProject;
			attributes = {
				LastUpgradeCheck = 0810;
				ORGANIZATIONNAME = Zhengfa;
				TargetAttributes = {
					69B0F60A1B69EF7A00A75D21 = {
						CreatedOnToolsVersion = 6.4;
					};
					69B0F61D1B69EF7A00A75D21 = {
						CreatedOnToolsVersion = 6.4;
						TestTargetID = 69B0F60A1B69EF7A00A75D21;
					};
				};
			};
			buildConfigurationList = 69B0F6061B69EF7A00A75D21 /* Build configuration list for PBXProject "WanNianLi" */;
			compatibilityVersion = "Xcode 3.2";
			developmentRegion = en;
			hasScannedForEncodings = 0;
			knownRegions = (
				en,
				Base,
			);
			mainGroup = 69B0F6021B69EF7A00A75D21;
			productRefGroup = 69B0F60C1B69EF7A00A75D21 /* Products */;
			projectDirPath = "";
			projectRoot = "";
			targets = (
				69B0F60A1B69EF7A00A75D21 /* WanNianLi */,
				69B0F61D1B69EF7A00A75D21 /* WanNianLiTests */,
			);
		};
/* End PBXProject section */

/* Begin PBXResourcesBuildPhase section */
		69B0F6091B69EF7A00A75D21 /* Resources */ = {
			isa = PBXResourcesBuildPhase;
			buildActionMask = 2147483647;
			files = (
				69B0F6161B69EF7A00A75D21 /* Images.xcassets in Resources */,
				697CDC142F11E2D700732FE3 /* check@2x.png in Resources */,
				697CDC152F11E2D700732FE3 /* check@1x.png in Resources */,
				697CDC1A2F11E2D700732FE3 /* check@3x.png in Resources */,
				697CDC1E2F11E2D700732FE3 /* check.png in Resources */,
				697CDC2A2F11E2D700732FE3 /* icon@2x.png in Resources */,
				697CDC2B2F11E2D700732FE3 /* icon@1x.png in Resources */,
			);
			runOnlyForDeploymentPostprocessing = 0;
		};
		69B0F61C1B69EF7A00A75D21 /* Resources */ = {
			isa = PBXResourcesBuildPhase;
			buildActionMask = 2147483647;
			files = (
			);
			runOnlyForDeploymentPostprocessing = 0;
		};
/* End PBXResourcesBuildPhase section */

/* Begin PBXSourcesBuildPhase section */
		69B0F6071B69EF7A00A75D21 /* Sources */ = {
			isa = PBXSourcesBuildPhase;
			buildActionMask = 2147483647;
			files = (
				697CDC2D2F11E2D700732FE3 /* CalendarHeaderView.swift in Sources */,
				697CDC2E2F11E2D700732FE3 /* FestivalData.swift in Sources */,
				697CDC332F11E2D700732FE3 /* CalendarView.swift in Sources */,
				69D8F6842F11EF1900F5DB95 /* SettingsView.swift in Sources */,
				697CDC362F11E2D700732FE3 /* LunarCalendar.swift in Sources */,
				697CDC382F11E2D700732FE3 /* CalendarDayCell.swift in Sources */,
				69D8F6822F11ECEA00F5DB95 /* WanNianLiApp.swift in Sources */,
				697CDC3C2F11E2D700732FE3 /* CalendarDetailView.swift in Sources */,
			);
			runOnlyForDeploymentPostprocessing = 0;
		};
		69B0F61A1B69EF7A00A75D21 /* Sources */ = {
			isa = PBXSourcesBuildPhase;
			buildActionMask = 2147483647;
			files = (
				69B0F6251B69EF7A00A75D21 /* WanNianLiTests.m in Sources */,
			);
			runOnlyForDeploymentPostprocessing = 0;
		};
/* End PBXSourcesBuildPhase section */

/* Begin PBXTargetDependency section */
		69B0F6201B69EF7A00A75D21 /* PBXTargetDependency */ = {
			isa = PBXTargetDependency;
			target = 69B0F60A1B69EF7A00A75D21 /* WanNianLi */;
			targetProxy = 69B0F61F1B69EF7A00A75D21 /* PBXContainerItemProxy */;
		};
/* End PBXTargetDependency section */

/* Begin XCBuildConfiguration section */
		69B0F6261B69EF7A00A75D21 /* Debug */ = {
			isa = XCBuildConfiguration;
			buildSettings = {
				ALLOW_TARGET_PLATFORM_SPECIALIZATION = YES;
				ALWAYS_SEARCH_USER_PATHS = NO;
				CLANG_CXX_LANGUAGE_STANDARD = "gnu++0x";
				CLANG_CXX_LIBRARY = "libc++";
				CLANG_ENABLE_MODULES = YES;
				CLANG_ENABLE_OBJC_ARC = YES;
				CLANG_WARN_BOOL_CONVERSION = YES;
				CLANG_WARN_CONSTANT_CONVERSION = YES;
				CLANG_WARN_DIRECT_OBJC_ISA_USAGE = YES_ERROR;
				CLANG_WARN_EMPTY_BODY = YES;
				CLANG_WARN_ENUM_CONVERSION = YES;
				CLANG_WARN_INFINITE_RECURSION = YES;
				CLANG_WARN_INT_CONVERSION = YES;
				CLANG_WARN_OBJC_ROOT_CLASS = YES_ERROR;
				CLANG_WARN_SUSPICIOUS_MOVE = YES;
				CLANG_WARN_UNREACHABLE_CODE = YES;
				CLANG_WARN__DUPLICATE_METHOD_MATCH = YES;
				CODE_SIGN_IDENTITY = "-";
				COPY_PHASE_STRIP = NO;
				DEBUG_INFORMATION_FORMAT = dwarf;
				ENABLE_STRICT_OBJC_MSGSEND = YES;
				ENABLE_TESTABILITY = NO;
				GCC_C_LANGUAGE_STANDARD = gnu99;
				GCC_DYNAMIC_NO_PIC = NO;
				GCC_NO_COMMON_BLOCKS = YES;
				GCC_OPTIMIZATION_LEVEL = 0;
				GCC_PREPROCESSOR_DEFINITIONS = (
					"DEBUG=1",
					"$(inherited)",
				);
				GCC_SYMBOLS_PRIVATE_EXTERN = NO;
				GCC_WARN_64_TO_32_BIT_CONVERSION = YES;
				GCC_WARN_ABOUT_RETURN_TYPE = YES_ERROR;
				GCC_WARN_UNDECLARED_SELECTOR = YES;
				GCC_WARN_UNINITIALIZED_AUTOS = YES_AGGRESSIVE;
				GCC_WARN_UNUSED_FUNCTION = YES;
				GCC_WARN_UNUSED_VARIABLE = YES;
				MACOSX_DEPLOYMENT_TARGET = 13.0;
				MTL_ENABLE_DEBUG_INFO = YES;
				ONLY_ACTIVE_ARCH = NO;
				SDKROOT = macosx;
				SWIFT_VERSION = 5.0;
			};
			name = Debug;
		};
		69B0F6271B69EF7A00A75D21 /* Release */ = {
			isa = XCBuildConfiguration;
			buildSettings = {
				ALLOW_TARGET_PLATFORM_SPECIALIZATION = YES;
				ALWAYS_SEARCH_USER_PATHS = NO;
				CLANG_CXX_LANGUAGE_STANDARD = "gnu++0x";
				CLANG_CXX_LIBRARY = "libc++";
				CLANG_ENABLE_MODULES = YES;
				CLANG_ENABLE_OBJC_ARC = YES;
				CLANG_WARN_BOOL_CONVERSION = YES;
				CLANG_WARN_CONSTANT_CONVERSION = YES;
				CLANG_WARN_DIRECT_OBJC_ISA_USAGE = YES_ERROR;
				CLANG_WARN_EMPTY_BODY = YES;
				CLANG_WARN_ENUM_CONVERSION = YES;
				CLANG_WARN_INFINITE_RECURSION = YES;
				CLANG_WARN_INT_CONVERSION = YES;
				CLANG_WARN_OBJC_ROOT_CLASS = YES_ERROR;
				CLANG_WARN_SUSPICIOUS_MOVE = YES;
				CLANG_WARN_UNREACHABLE_CODE = YES;
				CLANG_WARN__DUPLICATE_METHOD_MATCH = YES;
				CODE_SIGN_IDENTITY = "-";
				COPY_PHASE_STRIP = NO;
				DEBUG_INFORMATION_FORMAT = dwarf;
				ENABLE_NS_ASSERTIONS = NO;
				ENABLE_STRICT_OBJC_MSGSEND = YES;
				GCC_C_LANGUAGE_STANDARD = gnu99;
				GCC_NO_COMMON_BLOCKS = YES;
				GCC_WARN_64_TO_32_BIT_CONVERSION = YES;
				GCC_WARN_ABOUT_RETURN_TYPE = YES_ERROR;
				GCC_WARN_UNDECLARED_SELECTOR = YES;
				GCC_WARN_UNINITIALIZED_AUTOS = YES_AGGRESSIVE;
				GCC_WARN_UNUSED_FUNCTION = YES;
				GCC_WARN_UNUSED_VARIABLE = YES;
				MACOSX_DEPLOYMENT_TARGET = 13.0;
				MTL_ENABLE_DEBUG_INFO = NO;
				SDKROOT = macosx;
				SWIFT_VERSION = 5.0;
			};
			name = Release;
		};
		69B0F6291B69EF7A00A75D21 /* Debug */ = {
			isa = XCBuildConfiguration;
			buildSettings = {
				ASSETCATALOG_COMPILER_APPICON_NAME = AppIcon;
				COMBINE_HIDPI_IMAGES = YES;
				CURRENT_PROJECT_VERSION = 20211115;
				INFOPLIST_FILE = WanNianLi/Info.plist;
				LD_RUNPATH_SEARCH_PATHS = "$(inherited) @executable_path/../Frameworks";
				PRODUCT_BUNDLE_IDENTIFIER = com.zfdang.WanNianLi;
				PRODUCT_NAME = "$(TARGET_NAME)";
			};
			name = Debug;
		};
		69B0F62A1B69EF7A00A75D21 /* Release */ = {
			isa = XCBuildConfiguration;
			buildSettings = {
				ASSETCATALOG_COMPILER_APPICON_NAME = AppIcon;
				COMBINE_HIDPI_IMAGES = YES;
				CURRENT_PROJECT_VERSION = 20211115;
				INFOPLIST_FILE = WanNianLi/Info.plist;
				LD_RUNPATH_SEARCH_PATHS = "$(inherited) @executable_path/../Frameworks";
				PRODUCT_BUNDLE_IDENTIFIER = com.zfdang.WanNianLi;
				PRODUCT_NAME = "$(TARGET_NAME)";
			};
			name = Release;
		};
		69B0F62C1B69EF7A00A75D21 /* Debug */ = {
			isa = XCBuildConfiguration;
			buildSettings = {
				BUNDLE_LOADER = "$(TEST_HOST)";
				COMBINE_HIDPI_IMAGES = YES;
				FRAMEWORK_SEARCH_PATHS = (
					"$(DEVELOPER_FRAMEWORKS_DIR)",
					"$(inherited)",
				);
				GCC_PREPROCESSOR_DEFINITIONS = (
					"DEBUG=1",
					"$(inherited)",
				);
				INFOPLIST_FILE = WanNianLiTests/Info.plist;
				LD_RUNPATH_SEARCH_PATHS = "$(inherited) @executable_path/../Frameworks @loader_path/../Frameworks";
				PRODUCT_BUNDLE_IDENTIFIER = "com.zfdang.$(PRODUCT_NAME:rfc1034identifier)";
				PRODUCT_NAME = "$(TARGET_NAME)";
				TEST_HOST = "$(BUILT_PRODUCTS_DIR)/WanNianLi.app/Contents/MacOS/WanNianLi";
			};
			name = Debug;
		};
		69B0F62D1B69EF7A00A75D21 /* Release */ = {
			isa = XCBuildConfiguration;
			buildSettings = {
				BUNDLE_LOADER = "$(TEST_HOST)";
				COMBINE_HIDPI_IMAGES = YES;
				FRAMEWORK_SEARCH_PATHS = (
					"$(DEVELOPER_FRAMEWORKS_DIR)",
					"$(inherited)",
				);
				INFOPLIST_FILE = WanNianLiTests/Info.plist;
				LD_RUNPATH_SEARCH_PATHS = "$(inherited) @executable_path/../Frameworks @loader_path/../Frameworks";
				PRODUCT_BUNDLE_IDENTIFIER = "com.zfdang.$(PRODUCT_NAME:rfc1034identifier)";
				PRODUCT_NAME = "$(TARGET_NAME)";
				TEST_HOST = "$(BUILT_PRODUCTS_DIR)/WanNianLi.app/Contents/MacOS/WanNianLi";
			};
			name = Release;
		};
/* End XCBuildConfiguration section */

/* Begin XCConfigurationList section */
		69B0F6061B69EF7A00A75D21 /* Build configuration list for PBXProject "WanNianLi" */ = {
			isa = XCConfigurationList;
			buildConfigurations = (
				69B0F6261B69EF7A00A75D21 /* Debug */,
				69B0F6271B69EF7A00A75D21 /* Release */,
			);
			defaultConfigurationIsVisible = 0;
			defaultConfigurationName = Release;
		};
		69B0F6281B69EF7A00A75D21 /* Build configuration list for PBXNativeTarget "WanNianLi" */ = {
			isa = XCConfigurationList;
			buildConfigurations = (
				69B0F6291B69EF7A00A75D21 /* Debug */,
				69B0F62A1B69EF7A00A75D21 /* Release */,
			);
			defaultConfigurationIsVisible = 0;
			defaultConfigurationName = Release;
		};
		69B0F62B1B69EF7A00A75D21 /* Build configuration list for PBXNativeTarget "WanNianLiTests" */ = {
			isa = XCConfigurationList;
			buildConfigurations = (
				69B0F62C1B69EF7A00A75D21 /* Debug */,
				69B0F62D1B69EF7A00A75D21 /* Release */,
			);
			defaultConfigurationIsVisible = 0;
			defaultConfigurationName = Release;
		};
/* End XCConfigurationList section */
	};
	rootObject = 69B0F6031B69EF7A00A75D21 /* Project object */;
}
